
Microsoft Visual Studio Solution File, Format Version 12.00
# Visual Studio Version 17
VisualStudioVersion = 17.0.32014.148
MinimumVisualStudioVersion = 10.0.40219.1
Project("{2150E333-8FDC-42A3-9474-1A3956D46DE8}") = "Sprint0", "Sprint0", "{38363F24-DD77-4582-9314-5DDAD04E21B5}"
EndProject
Project("{FAE04EC0-301F-11D3-BF4B-00C04F79EFBC}") = "C.Moving_Avg", "Yandex.Contest.Sprint0.C\C.Moving_Avg.csproj", "{7B3F7796-CBC0-42E9-836B-A400E00D7E43}"
EndProject
Project("{FAE04EC0-301F-11D3-BF4B-00C04F79EFBC}") = "D.2Sum", "Yandex.Contest.Sprint0.D\D.2Sum.csproj", "{66985A6D-2395-428D-ACB3-44095E5606A0}"
EndProject
Project("{FAE04EC0-301F-11D3-BF4B-00C04F79EFBC}") = "E.2Sum2", "Yandex.Contest.Sprint0.E\E.2Sum2.csproj", "{9408CBE1-C2C6-4E48-8F97-BB3B73F5E33A}"
EndProject
Project("{2150E333-8FDC-42A3-9474-1A3956D46DE8}") = "Sprint1", "Sprint1", "{C107F43B-7602-49B4-BB1A-800AF0F407EB}"
EndProject
Project("{9A19103F-16F7-4668-BE54-9A1E7A4F7556}") = "Yandex.Contest.Sprint1.A", "Yandex.Contest.Sprint1.A\Yandex.Contest.Sprint1.A.csproj", "{278C1780-6E3B-4DD5-8B6B-CE225A4AEDE9}"
EndProject
Project("{9A19103F-16F7-4668-BE54-9A1E7A4F7556}") = "Yandex.Contest.Sprint1.B", "Yandex.Contest.Sprint1.B\Yandex.Contest.Sprint1.B.csproj", "{06A5C748-625F-4323-A8E1-FC2F106AF766}"
EndProject
Project("{9A19103F-16F7-4668-BE54-9A1E7A4F7556}") = "Yandex.Contest.Sprint1.C", "Yandex.Contest.Sprint1.C\Yandex.Contest.Sprint1.C.csproj", "{EAF5FAFF-F7FC-4325-9649-C2F8A8DD2EE2}"
EndProject
Project("{9A19103F-16F7-4668-BE54-9A1E7A4F7556}") = "Yandex.Contest.Sprint1.D", "Yandex.Contest.Sprint1.D\Yandex.Contest.Sprint1.D.csproj", "{1EC16FE3-7FBA-4F44-BDF4-89104A07FA28}"
EndProject
Project("{9A19103F-16F7-4668-BE54-9A1E7A4F7556}") = "Yandex.Contest.Sprint1.E", "Yandex.Contest.Sprint1.E\Yandex.Contest.Sprint1.E.csproj", "{2C40A7F8-B0C1-4AFB-95F2-C7FB1DCFF69B}"
EndProject
Project("{9A19103F-16F7-4668-BE54-9A1E7A4F7556}") = "Yandex.Contest.Sprint1.F", "Yandex.Contest.Sprint1.F\Yandex.Contest.Sprint1.F.csproj", "{FADD3DAA-6B92-4D75-9E65-C1F3F2A5B371}"
EndProject
Project("{9A19103F-16F7-4668-BE54-9A1E7A4F7556}") = "Yandex.Contest.Sprint1.G", "Yandex.Contest.Sprint1.G\Yandex.Contest.Sprint1.G.csproj", "{043627E1-461F-4646-BCD1-EDACA342751B}"
EndProject
Project("{9A19103F-16F7-4668-BE54-9A1E7A4F7556}") = "Yandex.Contest.Sprint1.H", "Yandex.Contest.Sprint1.H\Yandex.Contest.Sprint1.H.csproj", "{483B6BCD-F727-432A-ADDF-A6BABBEE4C42}"
EndProject
Project("{9A19103F-16F7-4668-BE54-9A1E7A4F7556}") = "Yandex.Contest.Sprint1.I", "Yandex.Contest.Sprint1.I\Yandex.Contest.Sprint1.I.csproj", "{577DF98C-F93A-499C-816B-0A371E57F090}"
EndProject
Project("{9A19103F-16F7-4668-BE54-9A1E7A4F7556}") = "Yandex.Contest.Sprint1.J", "Yandex.Contest.Sprint1.J\Yandex.Contest.Sprint1.J.csproj", "{6B58B21D-377D-4E89-ACF7-6646CBB2D559}"
EndProject
Project("{9A19103F-16F7-4668-BE54-9A1E7A4F7556}") = "Yandex.Contest.Sprint1.K", "Yandex.Contest.Sprint1.K\Yandex.Contest.Sprint1.K.csproj", "{AF4D8F12-6FB3-41E3-A11D-98C47EA557ED}"
EndProject
Project("{9A19103F-16F7-4668-BE54-9A1E7A4F7556}") = "Yandex.Contest.Sprint1.L", "Yandex.Contest.Sprint1.L\Yandex.Contest.Sprint1.L.csproj", "{3EC58EA8-4FF0-424C-890D-F05EBC5AE099}"
EndProject
Project("{9A19103F-16F7-4668-BE54-9A1E7A4F7556}") = "Yandex.Contest.Sprint1.Final.A", "Yandex.Contest.Sprint1.Final1\Yandex.Contest.Sprint1.Final.A.csproj", "{D662A6AB-5093-4B71-859F-E720EBDD62BA}"
EndProject
Project("{9A19103F-16F7-4668-BE54-9A1E7A4F7556}") = "Yandex.Contest.Sprint1.Final.B", "Yandex.Contest.Sprint1.Final.B\Yandex.Contest.Sprint1.Final.B.csproj", "{E64DD2F6-396A-4204-B141-50F3AA3D9E3C}"
EndProject
Project("{FAE04EC0-301F-11D3-BF4B-00C04F79EFBC}") = "A.A+B", "Yandex.Contest.Sprint0.A\A.A+B.csproj", "{84F89172-5268-4D49-839C-B64BFC52836F}"
EndProject
Project("{FAE04EC0-301F-11D3-BF4B-00C04F79EFBC}") = "B.Zip", "Yandex.Contest.Sprint0.B\B.Zip.csproj", "{1828CD12-FED9-4C94-99E9-7F788AA38669}"
EndProject
Project("{2150E333-8FDC-42A3-9474-1A3956D46DE8}") = "Sprint1.Final", "Sprint1.Final", "{691B635E-8930-4F4E-9637-7E8637247811}"
EndProject
Project("{2150E333-8FDC-42A3-9474-1A3956D46DE8}") = "Sprint2", "Sprint2", "{3B79A243-CF5D-4B5D-A0B7-923C7A4458BE}"
EndProject
Project("{9A19103F-16F7-4668-BE54-9A1E7A4F7556}") = "Yandex.Contest.Sprint2.A", "Yandex.Contest.Sprint2.A\Yandex.Contest.Sprint2.A.csproj", "{5C5A5340-57BC-44BD-83C6-F9368B46F9B7}"
EndProject
Project("{9A19103F-16F7-4668-BE54-9A1E7A4F7556}") = "Yandex.Contest.Sprint2.B", "Yandex.Contest.Sprint2.B\Yandex.Contest.Sprint2.B.csproj", "{B0CFBA9A-E73B-4205-B80C-A81255047226}"
EndProject
Project("{9A19103F-16F7-4668-BE54-9A1E7A4F7556}") = "Yandex.Contest.Sprint2.C", "Yandex.Contest.Sprint2.C\Yandex.Contest.Sprint2.C.csproj", "{FDC646F9-BF9F-4792-AACA-51931046E848}"
EndProject
Project("{9A19103F-16F7-4668-BE54-9A1E7A4F7556}") = "Yandex.Contest.Sprint2.D", "Yandex.Contest.Sprint2.D\Yandex.Contest.Sprint2.D.csproj", "{51EC8204-FFAA-4EF8-BD99-59BF220BA910}"
EndProject
Project("{9A19103F-16F7-4668-BE54-9A1E7A4F7556}") = "Yandex.Contest.Sprint2.E", "Yandex.Contest.Sprint2.E\Yandex.Contest.Sprint2.E.csproj", "{370A0A3B-9E46-41FB-B594-6F7F41A79239}"
EndProject
Project("{9A19103F-16F7-4668-BE54-9A1E7A4F7556}") = "Yandex.Contest.Sprint2.F", "Yandex.Contest.Sprint2.F\Yandex.Contest.Sprint2.F.csproj", "{3868E0F1-1D86-4479-AB86-53F86CC08B90}"
EndProject
Project("{9A19103F-16F7-4668-BE54-9A1E7A4F7556}") = "Yandex.Contest.Sprint2.G", "Yandex.Contest.Sprint2.G\Yandex.Contest.Sprint2.G.csproj", "{E6C3E872-2A59-4833-9B9E-239373C93236}"
EndProject
Project("{9A19103F-16F7-4668-BE54-9A1E7A4F7556}") = "Yandex.Contest.Sprint2.H", "Yandex.Contest.Sprint2.H\Yandex.Contest.Sprint2.H.csproj", "{64C800AB-9B79-4A35-B660-CDE1CD8CC669}"
EndProject
Project("{9A19103F-16F7-4668-BE54-9A1E7A4F7556}") = "Yandex.Contest.Sprint2.I", "Yandex.Contest.Sprint2.I\Yandex.Contest.Sprint2.I.csproj", "{8DD06039-9B1D-45D6-B840-B1520BAE3E37}"
EndProject
Project("{FAE04EC0-301F-11D3-BF4B-00C04F79EFBC}") = "Yandex.Contest.Sprint2.J", "Yandex.Contest.Sprint2.J\Yandex.Contest.Sprint2.J.csproj", "{BD0031CC-B4A0-4A65-B77A-B5622AD663C7}"
EndProject
Project("{FAE04EC0-301F-11D3-BF4B-00C04F79EFBC}") = "Yandex.Contest.Sprint2.Histogram", "Yandex.Contest.Sprint2.Histogram\Yandex.Contest.Sprint2.Histogram.csproj", "{F5997029-2FDC-45C6-A2AE-C93E623C0FD7}"
EndProject
Project("{2150E333-8FDC-42A3-9474-1A3956D46DE8}") = "Sprint2.Final", "Sprint2.Final", "{FCE15FE3-B179-4340-9E44-9EADFF07F14E}"
EndProject
Project("{FAE04EC0-301F-11D3-BF4B-00C04F79EFBC}") = "Yandex.Contest.Sprint2.Final.A", "Yandex.Contest.Sprint2.Final.A\Yandex.Contest.Sprint2.Final.A.csproj", "{A5172E65-EEC0-4E64-8F88-16D4449E836E}"
EndProject
Project("{FAE04EC0-301F-11D3-BF4B-00C04F79EFBC}") = "Yandex.Contest.Sprint2.Final.B", "Yandex.Contest.Sprint2.Final.B\Yandex.Contest.Sprint2.Final.B.csproj", "{FBF4E230-436D-4D58-B43C-3071C49EADAA}"
EndProject
Global
	GlobalSection(SolutionConfigurationPlatforms) = preSolution
		Debug|Any CPU = Debug|Any CPU
		Release|Any CPU = Release|Any CPU
	EndGlobalSection
	GlobalSection(ProjectConfigurationPlatforms) = postSolution
		{7B3F7796-CBC0-42E9-836B-A400E00D7E43}.Debug|Any CPU.ActiveCfg = Debug|Any CPU
		{7B3F7796-CBC0-42E9-836B-A400E00D7E43}.Debug|Any CPU.Build.0 = Debug|Any CPU
		{7B3F7796-CBC0-42E9-836B-A400E00D7E43}.Release|Any CPU.ActiveCfg = Release|Any CPU
		{7B3F7796-CBC0-42E9-836B-A400E00D7E43}.Release|Any CPU.Build.0 = Release|Any CPU
		{66985A6D-2395-428D-ACB3-44095E5606A0}.Debug|Any CPU.ActiveCfg = Debug|Any CPU
		{66985A6D-2395-428D-ACB3-44095E5606A0}.Debug|Any CPU.Build.0 = Debug|Any CPU
		{66985A6D-2395-428D-ACB3-44095E5606A0}.Release|Any CPU.ActiveCfg = Release|Any CPU
		{66985A6D-2395-428D-ACB3-44095E5606A0}.Release|Any CPU.Build.0 = Release|Any CPU
		{9408CBE1-C2C6-4E48-8F97-BB3B73F5E33A}.Debug|Any CPU.ActiveCfg = Debug|Any CPU
		{9408CBE1-C2C6-4E48-8F97-BB3B73F5E33A}.Debug|Any CPU.Build.0 = Debug|Any CPU
		{9408CBE1-C2C6-4E48-8F97-BB3B73F5E33A}.Release|Any CPU.ActiveCfg = Release|Any CPU
		{9408CBE1-C2C6-4E48-8F97-BB3B73F5E33A}.Release|Any CPU.Build.0 = Release|Any CPU
		{278C1780-6E3B-4DD5-8B6B-CE225A4AEDE9}.Debug|Any CPU.ActiveCfg = Debug|Any CPU
		{278C1780-6E3B-4DD5-8B6B-CE225A4AEDE9}.Debug|Any CPU.Build.0 = Debug|Any CPU
		{278C1780-6E3B-4DD5-8B6B-CE225A4AEDE9}.Release|Any CPU.ActiveCfg = Release|Any CPU
		{278C1780-6E3B-4DD5-8B6B-CE225A4AEDE9}.Release|Any CPU.Build.0 = Release|Any CPU
		{06A5C748-625F-4323-A8E1-FC2F106AF766}.Debug|Any CPU.ActiveCfg = Debug|Any CPU
		{06A5C748-625F-4323-A8E1-FC2F106AF766}.Debug|Any CPU.Build.0 = Debug|Any CPU
		{06A5C748-625F-4323-A8E1-FC2F106AF766}.Release|Any CPU.ActiveCfg = Release|Any CPU
		{06A5C748-625F-4323-A8E1-FC2F106AF766}.Release|Any CPU.Build.0 = Release|Any CPU
		{EAF5FAFF-F7FC-4325-9649-C2F8A8DD2EE2}.Debug|Any CPU.ActiveCfg = Debug|Any CPU
		{EAF5FAFF-F7FC-4325-9649-C2F8A8DD2EE2}.Debug|Any CPU.Build.0 = Debug|Any CPU
		{EAF5FAFF-F7FC-4325-9649-C2F8A8DD2EE2}.Release|Any CPU.ActiveCfg = Release|Any CPU
		{EAF5FAFF-F7FC-4325-9649-C2F8A8DD2EE2}.Release|Any CPU.Build.0 = Release|Any CPU
		{1EC16FE3-7FBA-4F44-BDF4-89104A07FA28}.Debug|Any CPU.ActiveCfg = Debug|Any CPU
		{1EC16FE3-7FBA-4F44-BDF4-89104A07FA28}.Debug|Any CPU.Build.0 = Debug|Any CPU
		{1EC16FE3-7FBA-4F44-BDF4-89104A07FA28}.Release|Any CPU.ActiveCfg = Release|Any CPU
		{1EC16FE3-7FBA-4F44-BDF4-89104A07FA28}.Release|Any CPU.Build.0 = Release|Any CPU
		{2C40A7F8-B0C1-4AFB-95F2-C7FB1DCFF69B}.Debug|Any CPU.ActiveCfg = Debug|Any CPU
		{2C40A7F8-B0C1-4AFB-95F2-C7FB1DCFF69B}.Debug|Any CPU.Build.0 = Debug|Any CPU
		{2C40A7F8-B0C1-4AFB-95F2-C7FB1DCFF69B}.Release|Any CPU.ActiveCfg = Release|Any CPU
		{2C40A7F8-B0C1-4AFB-95F2-C7FB1DCFF69B}.Release|Any CPU.Build.0 = Release|Any CPU
		{FADD3DAA-6B92-4D75-9E65-C1F3F2A5B371}.Debug|Any CPU.ActiveCfg = Debug|Any CPU
		{FADD3DAA-6B92-4D75-9E65-C1F3F2A5B371}.Debug|Any CPU.Build.0 = Debug|Any CPU
		{FADD3DAA-6B92-4D75-9E65-C1F3F2A5B371}.Release|Any CPU.ActiveCfg = Release|Any CPU
		{FADD3DAA-6B92-4D75-9E65-C1F3F2A5B371}.Release|Any CPU.Build.0 = Release|Any CPU
		{043627E1-461F-4646-BCD1-EDACA342751B}.Debug|Any CPU.ActiveCfg = Debug|Any CPU
		{043627E1-461F-4646-BCD1-EDACA342751B}.Debug|Any CPU.Build.0 = Debug|Any CPU
		{043627E1-461F-4646-BCD1-EDACA342751B}.Release|Any CPU.ActiveCfg = Release|Any CPU
		{043627E1-461F-4646-BCD1-EDACA342751B}.Release|Any CPU.Build.0 = Release|Any CPU
		{483B6BCD-F727-432A-ADDF-A6BABBEE4C42}.Debug|Any CPU.ActiveCfg = Debug|Any CPU
		{483B6BCD-F727-432A-ADDF-A6BABBEE4C42}.Debug|Any CPU.Build.0 = Debug|Any CPU
		{483B6BCD-F727-432A-ADDF-A6BABBEE4C42}.Release|Any CPU.ActiveCfg = Release|Any CPU
		{483B6BCD-F727-432A-ADDF-A6BABBEE4C42}.Release|Any CPU.Build.0 = Release|Any CPU
		{577DF98C-F93A-499C-816B-0A371E57F090}.Debug|Any CPU.ActiveCfg = Debug|Any CPU
		{577DF98C-F93A-499C-816B-0A371E57F090}.Debug|Any CPU.Build.0 = Debug|Any CPU
		{577DF98C-F93A-499C-816B-0A371E57F090}.Release|Any CPU.ActiveCfg = Release|Any CPU
		{577DF98C-F93A-499C-816B-0A371E57F090}.Release|Any CPU.Build.0 = Release|Any CPU
		{6B58B21D-377D-4E89-ACF7-6646CBB2D559}.Debug|Any CPU.ActiveCfg = Debug|Any CPU
		{6B58B21D-377D-4E89-ACF7-6646CBB2D559}.Debug|Any CPU.Build.0 = Debug|Any CPU
		{6B58B21D-377D-4E89-ACF7-6646CBB2D559}.Release|Any CPU.ActiveCfg = Release|Any CPU
		{6B58B21D-377D-4E89-ACF7-6646CBB2D559}.Release|Any CPU.Build.0 = Release|Any CPU
		{AF4D8F12-6FB3-41E3-A11D-98C47EA557ED}.Debug|Any CPU.ActiveCfg = Debug|Any CPU
		{AF4D8F12-6FB3-41E3-A11D-98C47EA557ED}.Debug|Any CPU.Build.0 = Debug|Any CPU
		{AF4D8F12-6FB3-41E3-A11D-98C47EA557ED}.Release|Any CPU.ActiveCfg = Release|Any CPU
		{AF4D8F12-6FB3-41E3-A11D-98C47EA557ED}.Release|Any CPU.Build.0 = Release|Any CPU
		{3EC58EA8-4FF0-424C-890D-F05EBC5AE099}.Debug|Any CPU.ActiveCfg = Debug|Any CPU
		{3EC58EA8-4FF0-424C-890D-F05EBC5AE099}.Debug|Any CPU.Build.0 = Debug|Any CPU
		{3EC58EA8-4FF0-424C-890D-F05EBC5AE099}.Release|Any CPU.ActiveCfg = Release|Any CPU
		{3EC58EA8-4FF0-424C-890D-F05EBC5AE099}.Release|Any CPU.Build.0 = Release|Any CPU
		{D662A6AB-5093-4B71-859F-E720EBDD62BA}.Debug|Any CPU.ActiveCfg = Debug|Any CPU
		{D662A6AB-5093-4B71-859F-E720EBDD62BA}.Debug|Any CPU.Build.0 = Debug|Any CPU
		{D662A6AB-5093-4B71-859F-E720EBDD62BA}.Release|Any CPU.ActiveCfg = Release|Any CPU
		{D662A6AB-5093-4B71-859F-E720EBDD62BA}.Release|Any CPU.Build.0 = Release|Any CPU
		{E64DD2F6-396A-4204-B141-50F3AA3D9E3C}.Debug|Any CPU.ActiveCfg = Debug|Any CPU
		{E64DD2F6-396A-4204-B141-50F3AA3D9E3C}.Debug|Any CPU.Build.0 = Debug|Any CPU
		{E64DD2F6-396A-4204-B141-50F3AA3D9E3C}.Release|Any CPU.ActiveCfg = Release|Any CPU
		{E64DD2F6-396A-4204-B141-50F3AA3D9E3C}.Release|Any CPU.Build.0 = Release|Any CPU
		{84F89172-5268-4D49-839C-B64BFC52836F}.Debug|Any CPU.ActiveCfg = Debug|Any CPU
		{84F89172-5268-4D49-839C-B64BFC52836F}.Debug|Any CPU.Build.0 = Debug|Any CPU
		{84F89172-5268-4D49-839C-B64BFC52836F}.Release|Any CPU.ActiveCfg = Release|Any CPU
		{84F89172-5268-4D49-839C-B64BFC52836F}.Release|Any CPU.Build.0 = Release|Any CPU
		{1828CD12-FED9-4C94-99E9-7F788AA38669}.Debug|Any CPU.ActiveCfg = Debug|Any CPU
		{1828CD12-FED9-4C94-99E9-7F788AA38669}.Debug|Any CPU.Build.0 = Debug|Any CPU
		{1828CD12-FED9-4C94-99E9-7F788AA38669}.Release|Any CPU.ActiveCfg = Release|Any CPU
		{1828CD12-FED9-4C94-99E9-7F788AA38669}.Release|Any CPU.Build.0 = Release|Any CPU
		{5C5A5340-57BC-44BD-83C6-F9368B46F9B7}.Debug|Any CPU.ActiveCfg = Debug|Any CPU
		{5C5A5340-57BC-44BD-83C6-F9368B46F9B7}.Debug|Any CPU.Build.0 = Debug|Any CPU
		{5C5A5340-57BC-44BD-83C6-F9368B46F9B7}.Release|Any CPU.ActiveCfg = Release|Any CPU
		{5C5A5340-57BC-44BD-83C6-F9368B46F9B7}.Release|Any CPU.Build.0 = Release|Any CPU
		{B0CFBA9A-E73B-4205-B80C-A81255047226}.Debug|Any CPU.ActiveCfg = Debug|Any CPU
		{B0CFBA9A-E73B-4205-B80C-A81255047226}.Debug|Any CPU.Build.0 = Debug|Any CPU
		{B0CFBA9A-E73B-4205-B80C-A81255047226}.Release|Any CPU.ActiveCfg = Release|Any CPU
		{B0CFBA9A-E73B-4205-B80C-A81255047226}.Release|Any CPU.Build.0 = Release|Any CPU
		{FDC646F9-BF9F-4792-AACA-51931046E848}.Debug|Any CPU.ActiveCfg = Debug|Any CPU
		{FDC646F9-BF9F-4792-AACA-51931046E848}.Debug|Any CPU.Build.0 = Debug|Any CPU
		{FDC646F9-BF9F-4792-AACA-51931046E848}.Release|Any CPU.ActiveCfg = Release|Any CPU
		{FDC646F9-BF9F-4792-AACA-51931046E848}.Release|Any CPU.Build.0 = Release|Any CPU
		{51EC8204-FFAA-4EF8-BD99-59BF220BA910}.Debug|Any CPU.ActiveCfg = Debug|Any CPU
		{51EC8204-FFAA-4EF8-BD99-59BF220BA910}.Debug|Any CPU.Build.0 = Debug|Any CPU
		{51EC8204-FFAA-4EF8-BD99-59BF220BA910}.Release|Any CPU.ActiveCfg = Release|Any CPU
		{51EC8204-FFAA-4EF8-BD99-59BF220BA910}.Release|Any CPU.Build.0 = Release|Any CPU
		{370A0A3B-9E46-41FB-B594-6F7F41A79239}.Debug|Any CPU.ActiveCfg = Debug|Any CPU
		{370A0A3B-9E46-41FB-B594-6F7F41A79239}.Debug|Any CPU.Build.0 = Debug|Any CPU
		{370A0A3B-9E46-41FB-B594-6F7F41A79239}.Release|Any CPU.ActiveCfg = Release|Any CPU
		{370A0A3B-9E46-41FB-B594-6F7F41A79239}.Release|Any CPU.Build.0 = Release|Any CPU
		{3868E0F1-1D86-4479-AB86-53F86CC08B90}.Debug|Any CPU.ActiveCfg = Debug|Any CPU
		{3868E0F1-1D86-4479-AB86-53F86CC08B90}.Debug|Any CPU.Build.0 = Debug|Any CPU
		{3868E0F1-1D86-4479-AB86-53F86CC08B90}.Release|Any CPU.ActiveCfg = Release|Any CPU
		{3868E0F1-1D86-4479-AB86-53F86CC08B90}.Release|Any CPU.Build.0 = Release|Any CPU
		{E6C3E872-2A59-4833-9B9E-239373C93236}.Debug|Any CPU.ActiveCfg = Debug|Any CPU
		{E6C3E872-2A59-4833-9B9E-239373C93236}.Debug|Any CPU.Build.0 = Debug|Any CPU
		{E6C3E872-2A59-4833-9B9E-239373C93236}.Release|Any CPU.ActiveCfg = Release|Any CPU
		{E6C3E872-2A59-4833-9B9E-239373C93236}.Release|Any CPU.Build.0 = Release|Any CPU
		{64C800AB-9B79-4A35-B660-CDE1CD8CC669}.Debug|Any CPU.ActiveCfg = Debug|Any CPU
		{64C800AB-9B79-4A35-B660-CDE1CD8CC669}.Debug|Any CPU.Build.0 = Debug|Any CPU
		{64C800AB-9B79-4A35-B660-CDE1CD8CC669}.Release|Any CPU.ActiveCfg = Release|Any CPU
		{64C800AB-9B79-4A35-B660-CDE1CD8CC669}.Release|Any CPU.Build.0 = Release|Any CPU
		{8DD06039-9B1D-45D6-B840-B1520BAE3E37}.Debug|Any CPU.ActiveCfg = Debug|Any CPU
		{8DD06039-9B1D-45D6-B840-B1520BAE3E37}.Debug|Any CPU.Build.0 = Debug|Any CPU
		{8DD06039-9B1D-45D6-B840-B1520BAE3E37}.Release|Any CPU.ActiveCfg = Release|Any CPU
		{8DD06039-9B1D-45D6-B840-B1520BAE3E37}.Release|Any CPU.Build.0 = Release|Any CPU
		{BD0031CC-B4A0-4A65-B77A-B5622AD663C7}.Debug|Any CPU.ActiveCfg = Debug|Any CPU
		{BD0031CC-B4A0-4A65-B77A-B5622AD663C7}.Debug|Any CPU.Build.0 = Debug|Any CPU
		{BD0031CC-B4A0-4A65-B77A-B5622AD663C7}.Release|Any CPU.ActiveCfg = Release|Any CPU
		{BD0031CC-B4A0-4A65-B77A-B5622AD663C7}.Release|Any CPU.Build.0 = Release|Any CPU
		{F5997029-2FDC-45C6-A2AE-C93E623C0FD7}.Debug|Any CPU.ActiveCfg = Debug|Any CPU
		{F5997029-2FDC-45C6-A2AE-C93E623C0FD7}.Debug|Any CPU.Build.0 = Debug|Any CPU
		{F5997029-2FDC-45C6-A2AE-C93E623C0FD7}.Release|Any CPU.ActiveCfg = Release|Any CPU
		{F5997029-2FDC-45C6-A2AE-C93E623C0FD7}.Release|Any CPU.Build.0 = Release|Any CPU
		{A5172E65-EEC0-4E64-8F88-16D4449E836E}.Debug|Any CPU.ActiveCfg = Debug|Any CPU
		{A5172E65-EEC0-4E64-8F88-16D4449E836E}.Debug|Any CPU.Build.0 = Debug|Any CPU
		{A5172E65-EEC0-4E64-8F88-16D4449E836E}.Release|Any CPU.ActiveCfg = Release|Any CPU
		{A5172E65-EEC0-4E64-8F88-16D4449E836E}.Release|Any CPU.Build.0 = Release|Any CPU
		{FBF4E230-436D-4D58-B43C-3071C49EADAA}.Debug|Any CPU.ActiveCfg = Debug|Any CPU
		{FBF4E230-436D-4D58-B43C-3071C49EADAA}.Debug|Any CPU.Build.0 = Debug|Any CPU
		{FBF4E230-436D-4D58-B43C-3071C49EADAA}.Release|Any CPU.ActiveCfg = Release|Any CPU
		{FBF4E230-436D-4D58-B43C-3071C49EADAA}.Release|Any CPU.Build.0 = Release|Any CPU
	EndGlobalSection
	GlobalSection(SolutionProperties) = preSolution
		HideSolutionNode = FALSE
	EndGlobalSection
	GlobalSection(NestedProjects) = preSolution
		{7B3F7796-CBC0-42E9-836B-A400E00D7E43} = {38363F24-DD77-4582-9314-5DDAD04E21B5}
		{66985A6D-2395-428D-ACB3-44095E5606A0} = {38363F24-DD77-4582-9314-5DDAD04E21B5}
		{9408CBE1-C2C6-4E48-8F97-BB3B73F5E33A} = {38363F24-DD77-4582-9314-5DDAD04E21B5}
		{278C1780-6E3B-4DD5-8B6B-CE225A4AEDE9} = {C107F43B-7602-49B4-BB1A-800AF0F407EB}
		{06A5C748-625F-4323-A8E1-FC2F106AF766} = {C107F43B-7602-49B4-BB1A-800AF0F407EB}
		{EAF5FAFF-F7FC-4325-9649-C2F8A8DD2EE2} = {C107F43B-7602-49B4-BB1A-800AF0F407EB}
		{1EC16FE3-7FBA-4F44-BDF4-89104A07FA28} = {C107F43B-7602-49B4-BB1A-800AF0F407EB}
		{2C40A7F8-B0C1-4AFB-95F2-C7FB1DCFF69B} = {C107F43B-7602-49B4-BB1A-800AF0F407EB}
		{FADD3DAA-6B92-4D75-9E65-C1F3F2A5B371} = {C107F43B-7602-49B4-BB1A-800AF0F407EB}
		{043627E1-461F-4646-BCD1-EDACA342751B} = {C107F43B-7602-49B4-BB1A-800AF0F407EB}
		{483B6BCD-F727-432A-ADDF-A6BABBEE4C42} = {C107F43B-7602-49B4-BB1A-800AF0F407EB}
		{577DF98C-F93A-499C-816B-0A371E57F090} = {C107F43B-7602-49B4-BB1A-800AF0F407EB}
		{6B58B21D-377D-4E89-ACF7-6646CBB2D559} = {C107F43B-7602-49B4-BB1A-800AF0F407EB}
		{AF4D8F12-6FB3-41E3-A11D-98C47EA557ED} = {C107F43B-7602-49B4-BB1A-800AF0F407EB}
		{3EC58EA8-4FF0-424C-890D-F05EBC5AE099} = {C107F43B-7602-49B4-BB1A-800AF0F407EB}
		{D662A6AB-5093-4B71-859F-E720EBDD62BA} = {691B635E-8930-4F4E-9637-7E8637247811}
		{E64DD2F6-396A-4204-B141-50F3AA3D9E3C} = {691B635E-8930-4F4E-9637-7E8637247811}
		{84F89172-5268-4D49-839C-B64BFC52836F} = {38363F24-DD77-4582-9314-5DDAD04E21B5}
		{1828CD12-FED9-4C94-99E9-7F788AA38669} = {38363F24-DD77-4582-9314-5DDAD04E21B5}
		{5C5A5340-57BC-44BD-83C6-F9368B46F9B7} = {3B79A243-CF5D-4B5D-A0B7-923C7A4458BE}
		{B0CFBA9A-E73B-4205-B80C-A81255047226} = {3B79A243-CF5D-4B5D-A0B7-923C7A4458BE}
		{FDC646F9-BF9F-4792-AACA-51931046E848} = {3B79A243-CF5D-4B5D-A0B7-923C7A4458BE}
		{51EC8204-FFAA-4EF8-BD99-59BF220BA910} = {3B79A243-CF5D-4B5D-A0B7-923C7A4458BE}
		{370A0A3B-9E46-41FB-B594-6F7F41A79239} = {3B79A243-CF5D-4B5D-A0B7-923C7A4458BE}
		{3868E0F1-1D86-4479-AB86-53F86CC08B90} = {3B79A243-CF5D-4B5D-A0B7-923C7A4458BE}
		{E6C3E872-2A59-4833-9B9E-239373C93236} = {3B79A243-CF5D-4B5D-A0B7-923C7A4458BE}
		{64C800AB-9B79-4A35-B660-CDE1CD8CC669} = {3B79A243-CF5D-4B5D-A0B7-923C7A4458BE}
		{8DD06039-9B1D-45D6-B840-B1520BAE3E37} = {3B79A243-CF5D-4B5D-A0B7-923C7A4458BE}
		{BD0031CC-B4A0-4A65-B77A-B5622AD663C7} = {3B79A243-CF5D-4B5D-A0B7-923C7A4458BE}
		{F5997029-2FDC-45C6-A2AE-C93E623C0FD7} = {3B79A243-CF5D-4B5D-A0B7-923C7A4458BE}
		{A5172E65-EEC0-4E64-8F88-16D4449E836E} = {FCE15FE3-B179-4340-9E44-9EADFF07F14E}
		{FBF4E230-436D-4D58-B43C-3071C49EADAA} = {FCE15FE3-B179-4340-9E44-9EADFF07F14E}
	EndGlobalSection
	GlobalSection(ExtensibilityGlobals) = postSolution
		SolutionGuid = {A3FFD06C-7A1F-4EF4-B74D-D7423B222D64}
	EndGlobalSection
EndGlobal
