
Microsoft Visual Studio Solution File, Format Version 12.00
# Visual Studio Version 17
VisualStudioVersion = 17.0.32014.148
MinimumVisualStudioVersion = 10.0.40219.1
Project("{2150E333-8FDC-42A3-9474-1A3956D46DE8}") = "Sprint0", "Sprint0", "{38363F24-DD77-4582-9314-5DDAD04E21B5}"
EndProject
Project("{FAE04EC0-301F-11D3-BF4B-00C04F79EFBC}") = "C.Moving_Avg", "Yandex.Contest.Sprint0.C\C.Moving_Avg.csproj", "{7B3F7796-CBC0-42E9-836B-A400E00D7E43}"
EndProject
Project("{FAE04EC0-301F-11D3-BF4B-00C04F79EFBC}") = "D.2Sum", "Yandex.Contest.Sprint0.D\D.2Sum.csproj", "{66985A6D-2395-428D-ACB3-44095E5606A0}"
EndProject
Project("{FAE04EC0-301F-11D3-BF4B-00C04F79EFBC}") = "E.2Sum2", "Yandex.Contest.Sprint0.E\E.2Sum2.csproj", "{9408CBE1-C2C6-4E48-8F97-BB3B73F5E33A}"
EndProject
Project("{2150E333-8FDC-42A3-9474-1A3956D46DE8}") = "Sprint1", "Sprint1", "{C107F43B-7602-49B4-BB1A-800AF0F407EB}"
EndProject
Project("{9A19103F-16F7-4668-BE54-9A1E7A4F7556}") = "Yandex.Contest.Sprint1.A", "Yandex.Contest.Sprint1.A\Yandex.Contest.Sprint1.A.csproj", "{278C1780-6E3B-4DD5-8B6B-CE225A4AEDE9}"
EndProject
Project("{9A19103F-16F7-4668-BE54-9A1E7A4F7556}") = "Yandex.Contest.Sprint1.B", "Yandex.Contest.Sprint1.B\Yandex.Contest.Sprint1.B.csproj", "{06A5C748-625F-4323-A8E1-FC2F106AF766}"
EndProject
Project("{9A19103F-16F7-4668-BE54-9A1E7A4F7556}") = "Yandex.Contest.Sprint1.C", "Yandex.Contest.Sprint1.C\Yandex.Contest.Sprint1.C.csproj", "{EAF5FAFF-F7FC-4325-9649-C2F8A8DD2EE2}"
EndProject
Project("{9A19103F-16F7-4668-BE54-9A1E7A4F7556}") = "Yandex.Contest.Sprint1.D", "Yandex.Contest.Sprint1.D\Yandex.Contest.Sprint1.D.csproj", "{1EC16FE3-7FBA-4F44-BDF4-89104A07FA28}"
EndProject
Project("{9A19103F-16F7-4668-BE54-9A1E7A4F7556}") = "Yandex.Contest.Sprint1.E", "Yandex.Contest.Sprint1.E\Yandex.Contest.Sprint1.E.csproj", "{2C40A7F8-B0C1-4AFB-95F2-C7FB1DCFF69B}"
EndProject
Project("{9A19103F-16F7-4668-BE54-9A1E7A4F7556}") = "Yandex.Contest.Sprint1.F", "Yandex.Contest.Sprint1.F\Yandex.Contest.Sprint1.F.csproj", "{FADD3DAA-6B92-4D75-9E65-C1F3F2A5B371}"
EndProject
Project("{9A19103F-16F7-4668-BE54-9A1E7A4F7556}") = "Yandex.Contest.Sprint1.G", "Yandex.Contest.Sprint1.G\Yandex.Contest.Sprint1.G.csproj", "{043627E1-461F-4646-BCD1-EDACA342751B}"
EndProject
Project("{9A19103F-16F7-4668-BE54-9A1E7A4F7556}") = "Yandex.Contest.Sprint1.H", "Yandex.Contest.Sprint1.H\Yandex.Contest.Sprint1.H.csproj", "{483B6BCD-F727-432A-ADDF-A6BABBEE4C42}"
EndProject
Project("{9A19103F-16F7-4668-BE54-9A1E7A4F7556}") = "Yandex.Contest.Sprint1.I", "Yandex.Contest.Sprint1.I\Yandex.Contest.Sprint1.I.csproj", "{577DF98C-F93A-499C-816B-0A371E57F090}"
EndProject
Project("{9A19103F-16F7-4668-BE54-9A1E7A4F7556}") = "Yandex.Contest.Sprint1.J", "Yandex.Contest.Sprint1.J\Yandex.Contest.Sprint1.J.csproj", "{6B58B21D-377D-4E89-ACF7-6646CBB2D559}"
EndProject
Project("{9A19103F-16F7-4668-BE54-9A1E7A4F7556}") = "Yandex.Contest.Sprint1.K", "Yandex.Contest.Sprint1.K\Yandex.Contest.Sprint1.K.csproj", "{AF4D8F12-6FB3-41E3-A11D-98C47EA557ED}"
EndProject
Project("{9A19103F-16F7-4668-BE54-9A1E7A4F7556}") = "Yandex.Contest.Sprint1.L", "Yandex.Contest.Sprint1.L\Yandex.Contest.Sprint1.L.csproj", "{3EC58EA8-4FF0-424C-890D-F05EBC5AE099}"
EndProject
Project("{9A19103F-16F7-4668-BE54-9A1E7A4F7556}") = "Yandex.Contest.Sprint1.Final.A", "Yandex.Contest.Sprint1.Final1\Yandex.Contest.Sprint1.Final.A.csproj", "{D662A6AB-5093-4B71-859F-E720EBDD62BA}"
EndProject
Project("{9A19103F-16F7-4668-BE54-9A1E7A4F7556}") = "Yandex.Contest.Sprint1.Final.B", "Yandex.Contest.Sprint1.Final.B\Yandex.Contest.Sprint1.Final.B.csproj", "{E64DD2F6-396A-4204-B141-50F3AA3D9E3C}"
EndProject
Project("{FAE04EC0-301F-11D3-BF4B-00C04F79EFBC}") = "A.A+B", "Yandex.Contest.Sprint0.A\A.A+B.csproj", "{84F89172-5268-4D49-839C-B64BFC52836F}"
EndProject
Project("{FAE04EC0-301F-11D3-BF4B-00C04F79EFBC}") = "B.Zip", "Yandex.Contest.Sprint0.B\B.Zip.csproj", "{1828CD12-FED9-4C94-99E9-7F788AA38669}"
EndProject
Project("{2150E333-8FDC-42A3-9474-1A3956D46DE8}") = "Sprint1.Final", "Sprint1.Final", "{691B635E-8930-4F4E-9637-7E8637247811}"
EndProject
Project("{2150E333-8FDC-42A3-9474-1A3956D46DE8}") = "Sprint2", "Sprint2", "{3B79A243-CF5D-4B5D-A0B7-923C7A4458BE}"
EndProject
Project("{9A19103F-16F7-4668-BE54-9A1E7A4F7556}") = "Yandex.Contest.Sprint2.A", "Yandex.Contest.Sprint2.A\Yandex.Contest.Sprint2.A.csproj", "{5C5A5340-57BC-44BD-83C6-F9368B46F9B7}"
EndProject
Project("{9A19103F-16F7-4668-BE54-9A1E7A4F7556}") = "Yandex.Contest.Sprint2.B", "Yandex.Contest.Sprint2.B\Yandex.Contest.Sprint2.B.csproj", "{B0CFBA9A-E73B-4205-B80C-A81255047226}"
EndProject
Project("{9A19103F-16F7-4668-BE54-9A1E7A4F7556}") = "Yandex.Contest.Sprint2.C", "Yandex.Contest.Sprint2.C\Yandex.Contest.Sprint2.C.csproj", "{FDC646F9-BF9F-4792-AACA-51931046E848}"
EndProject
Project("{9A19103F-16F7-4668-BE54-9A1E7A4F7556}") = "Yandex.Contest.Sprint2.D", "Yandex.Contest.Sprint2.D\Yandex.Contest.Sprint2.D.csproj", "{51EC8204-FFAA-4EF8-BD99-59BF220BA910}"
EndProject
Project("{9A19103F-16F7-4668-BE54-9A1E7A4F7556}") = "Yandex.Contest.Sprint2.E", "Yandex.Contest.Sprint2.E\Yandex.Contest.Sprint2.E.csproj", "{370A0A3B-9E46-41FB-B594-6F7F41A79239}"
EndProject
Project("{9A19103F-16F7-4668-BE54-9A1E7A4F7556}") = "Yandex.Contest.Sprint2.F", "Yandex.Contest.Sprint2.F\Yandex.Contest.Sprint2.F.csproj", "{3868E0F1-1D86-4479-AB86-53F86CC08B90}"
EndProject
Project("{9A19103F-16F7-4668-BE54-9A1E7A4F7556}") = "Yandex.Contest.Sprint2.G", "Yandex.Contest.Sprint2.G\Yandex.Contest.Sprint2.G.csproj", "{E6C3E872-2A59-4833-9B9E-239373C93236}"
EndProject
Project("{9A19103F-16F7-4668-BE54-9A1E7A4F7556}") = "Yandex.Contest.Sprint2.H", "Yandex.Contest.Sprint2.H\Yandex.Contest.Sprint2.H.csproj", "{64C800AB-9B79-4A35-B660-CDE1CD8CC669}"
EndProject
Project("{9A19103F-16F7-4668-BE54-9A1E7A4F7556}") = "Yandex.Contest.Sprint2.I", "Yandex.Contest.Sprint2.I\Yandex.Contest.Sprint2.I.csproj", "{8DD06039-9B1D-45D6-B840-B1520BAE3E37}"
EndProject
Project("{9A19103F-16F7-4668-BE54-9A1E7A4F7556}") = "Yandex.Contest.Sprint2.J", "Yandex.Contest.Sprint2.J\Yandex.Contest.Sprint2.J.csproj", "{BD0031CC-B4A0-4A65-B77A-B5622AD663C7}"
EndProject
Project("{9A19103F-16F7-4668-BE54-9A1E7A4F7556}") = "Yandex.Contest.Sprint2.Histogram", "Yandex.Contest.Sprint2.Histogram\Yandex.Contest.Sprint2.Histogram.csproj", "{F5997029-2FDC-45C6-A2AE-C93E623C0FD7}"
EndProject
Project("{2150E333-8FDC-42A3-9474-1A3956D46DE8}") = "Sprint2.Final", "Sprint2.Final", "{FCE15FE3-B179-4340-9E44-9EADFF07F14E}"
EndProject
Project("{9A19103F-16F7-4668-BE54-9A1E7A4F7556}") = "Yandex.Contest.Sprint2.Final.A", "Yandex.Contest.Sprint2.Final.A\Yandex.Contest.Sprint2.Final.A.csproj", "{A5172E65-EEC0-4E64-8F88-16D4449E836E}"
EndProject
Project("{9A19103F-16F7-4668-BE54-9A1E7A4F7556}") = "Yandex.Contest.Sprint2.Final.B", "Yandex.Contest.Sprint2.Final.B\Yandex.Contest.Sprint2.Final.B.csproj", "{FBF4E230-436D-4D58-B43C-3071C49EADAA}"
EndProject
Project("{2150E333-8FDC-42A3-9474-1A3956D46DE8}") = "Sprint3", "Sprint3", "{70F71F90-3B35-4E9D-9120-E7A4C41A522C}"
EndProject
Project("{9A19103F-16F7-4668-BE54-9A1E7A4F7556}") = "Yandex.Contest.Sprint3.L", "Yandex.Contest.Sprint3.L\Yandex.Contest.Sprint3.L.csproj", "{C6C1A821-2442-4823-A9B1-52E95532DCA9}"
EndProject
Project("{FAE04EC0-301F-11D3-BF4B-00C04F79EFBC}") = "Yandex.Contest.Sprint3.A", "Yandex.Contest.Sprint3.A\Yandex.Contest.Sprint3.A.csproj", "{3325E945-ED96-4F8A-908E-DD2E6A3014BC}"
EndProject
Project("{FAE04EC0-301F-11D3-BF4B-00C04F79EFBC}") = "Yandex.Contest.Sprint3.B", "Yandex.Contest.Sprint3.B\Yandex.Contest.Sprint3.B.csproj", "{CA607B17-DD57-4FF7-A3D3-04E19BA77DBB}"
EndProject
Project("{FAE04EC0-301F-11D3-BF4B-00C04F79EFBC}") = "Yandex.Contest.Sprint3.J", "Yandex.Contest.Sprint3.J\Yandex.Contest.Sprint3.J.csproj", "{1418C0DF-0694-4C6D-9394-A1F3DBAA3677}"
EndProject
Project("{FAE04EC0-301F-11D3-BF4B-00C04F79EFBC}") = "Yandex.Contest.Sprint3.H", "Yandex.Contest.Sprint3.H\Yandex.Contest.Sprint3.H.csproj", "{FDE7EF32-64BC-4279-8B61-F17283718EA6}"
EndProject
Project("{FAE04EC0-301F-11D3-BF4B-00C04F79EFBC}") = "Yandex.Contest.Sprint3.MergeSort", "Yandex.Contest.Sprint3.MergeSort\Yandex.Contest.Sprint3.MergeSort.csproj", "{186DB8C9-5E0A-4D1B-974A-41C71C9FB693}"
EndProject
Project("{FAE04EC0-301F-11D3-BF4B-00C04F79EFBC}") = "Yandex.Contest.Sprint3.N", "Yandex.Contest.Sprint3.N\Yandex.Contest.Sprint3.N.csproj", "{B1A18BF2-C441-438F-99BB-41207E49D945}"
EndProject
Project("{FAE04EC0-301F-11D3-BF4B-00C04F79EFBC}") = "Yandex.Contest.Sprint3.C", "Yandex.Contest.Sprint3.C\Yandex.Contest.Sprint3.C.csproj", "{4A829F64-CC08-479F-9A2B-BAC3F7E8B0E4}"
EndProject
Project("{FAE04EC0-301F-11D3-BF4B-00C04F79EFBC}") = "Yandex.Contest.Sprint3.K", "Yandex.Contest.Sprint3.K\Yandex.Contest.Sprint3.K.csproj", "{352E3EB8-3551-476A-8001-6F1F8C14107D}"
EndProject
Project("{FAE04EC0-301F-11D3-BF4B-00C04F79EFBC}") = "Yandex.Contest.Sprint3.G", "Yandex.Contest.Sprint3.G\Yandex.Contest.Sprint3.G.csproj", "{EAAB8C54-D6C9-4485-8DD9-E1981ADB552F}"
EndProject
Project("{2150E333-8FDC-42A3-9474-1A3956D46DE8}") = "Sprint3.Final", "Sprint3.Final", "{90C68385-9B2C-430B-AE73-48D467B58E03}"
EndProject
Project("{FAE04EC0-301F-11D3-BF4B-00C04F79EFBC}") = "Yandex.Contest.Sprint3.Final.A", "Yandex.Contest.Sprint3.Final.A\Yandex.Contest.Sprint3.Final.A.csproj", "{4759A981-E6A8-49B9-ACC5-E3ACAF5583EF}"
EndProject
Project("{FAE04EC0-301F-11D3-BF4B-00C04F79EFBC}") = "Yandex.Contest.Sprint3.Final.B", "Yandex.Contest.Sprint3.Final.B\Yandex.Contest.Sprint3.Final.B.csproj", "{67AF5A3B-8778-4E35-8192-8066030F3CC8}"
EndProject
Project("{2150E333-8FDC-42A3-9474-1A3956D46DE8}") = "Sprint4.Final", "Sprint4.Final", "{1F50FB16-6BC4-491F-976E-0E3E2B60F6CE}"
EndProject
Project("{FAE04EC0-301F-11D3-BF4B-00C04F79EFBC}") = "Yandex.Contest.Sprint4.Final.A", "Yandex.Contest.Sprint4.Final.A\Yandex.Contest.Sprint4.Final.A.csproj", "{63674CD0-871E-4587-8CE2-321C560D269E}"
EndProject
Project("{FAE04EC0-301F-11D3-BF4B-00C04F79EFBC}") = "Yandex.Contest.Sprint4.Final.B", "Yandex.Contest.Sprint4.Final.B\Yandex.Contest.Sprint4.Final.B.csproj", "{A7BE3D47-211A-4BE0-9D2F-3258FDA99B60}"
EndProject
Project("{2150E333-8FDC-42A3-9474-1A3956D46DE8}") = "Sprint4", "Sprint4", "{D94F8986-CE77-40B3-8EFD-6209E535113F}"
EndProject
Project("{FAE04EC0-301F-11D3-BF4B-00C04F79EFBC}") = "Yandex.Contest.Sprint4.D", "Yandex.Contest.Sprint4.D\Yandex.Contest.Sprint4.D.csproj", "{1796963D-B3B9-4AA8-8A58-F24D25516C33}"
EndProject
Project("{FAE04EC0-301F-11D3-BF4B-00C04F79EFBC}") = "Yandex.Contest.Sprint4.G", "Yandex.Contest.Sprint4.G\Yandex.Contest.Sprint4.G.csproj", "{3F7630E9-DAF0-4CCF-91B3-425326EA030A}"
EndProject
Project("{FAE04EC0-301F-11D3-BF4B-00C04F79EFBC}") = "Yandex.Contest.Sprint4.H", "Yandex.Contest.Sprint4.H\Yandex.Contest.Sprint4.H.csproj", "{96214870-E46B-460F-85B9-00E6C7E0AAFA}"
EndProject
Project("{FAE04EC0-301F-11D3-BF4B-00C04F79EFBC}") = "Yandex.Contest.Sprint4.A", "Yandex.Contest.Sprint4.A\Yandex.Contest.Sprint4.A.csproj", "{1F15C960-98A0-45C4-B570-3EF8D05C8DEC}"
EndProject
Project("{FAE04EC0-301F-11D3-BF4B-00C04F79EFBC}") = "Yandex.Contest.Sprint4.B", "Yandex.Contest.Sprint4.B\Yandex.Contest.Sprint4.B.csproj", "{AAD0AAD7-4749-4CDD-A8CC-5EAF9A61BB01}"
EndProject
Project("{FAE04EC0-301F-11D3-BF4B-00C04F79EFBC}") = "Yandex.Contest.Sprint4.C", "Yandex.Contest.Sprint4.C\Yandex.Contest.Sprint4.C.csproj", "{6C136C60-06CC-4493-9627-BE4069101C5B}"
EndProject
Project("{FAE04EC0-301F-11D3-BF4B-00C04F79EFBC}") = "Yandex.Contest.Sprint4.E", "Yandex.Contest.Sprint4.E\Yandex.Contest.Sprint4.E.csproj", "{CBA5995F-E583-4965-807B-758C9B1B1971}"
EndProject
Project("{FAE04EC0-301F-11D3-BF4B-00C04F79EFBC}") = "Yandex.Contest.Sprint4.F", "Yandex.Contest.Sprint4.F\Yandex.Contest.Sprint4.F.csproj", "{5D1E6CCC-7B37-487B-B871-493D5123D5D0}"
EndProject
Project("{FAE04EC0-301F-11D3-BF4B-00C04F79EFBC}") = "Yandex.Contest.Sprint4.L", "Yandex.Contest.Sprint4.L\Yandex.Contest.Sprint4.L.csproj", "{A924F047-7C08-4854-8BB9-C91BACF88B9E}"
EndProject
Project("{2150E333-8FDC-42A3-9474-1A3956D46DE8}") = "Sprint5", "Sprint5", "{956072FA-22F4-4D6C-8FA5-D67B4A1E0EB2}"
EndProject
Project("{FAE04EC0-301F-11D3-BF4B-00C04F79EFBC}") = "Yandex.Contest.Sprint5.A", "Yandex.Contest.Sprint5.A\Yandex.Contest.Sprint5.A.csproj", "{3923E6D8-CBAA-41D2-9920-5A4D21A5BAEF}"
EndProject
Project("{FAE04EC0-301F-11D3-BF4B-00C04F79EFBC}") = "Yandex.Contest.Sprint5.E", "Yandex.Contest.Sprint5.E\Yandex.Contest.Sprint5.E.csproj", "{448362DD-7AB6-4F96-91AF-7D1EBD1EFEEF}"
EndProject
Project("{FAE04EC0-301F-11D3-BF4B-00C04F79EFBC}") = "Yandex.Contest.Sprint5.I", "Yandex.Contest.Sprint5.I\Yandex.Contest.Sprint5.I.csproj", "{074A963F-7E13-49CE-B86B-CC83DF269555}"
EndProject
Project("{FAE04EC0-301F-11D3-BF4B-00C04F79EFBC}") = "Yandex.Contest.Sprint5.K", "Yandex.Contest.Sprint5.K\Yandex.Contest.Sprint5.K.csproj", "{A36C2141-3843-4165-A155-1227078898D0}"
EndProject
Project("{FAE04EC0-301F-11D3-BF4B-00C04F79EFBC}") = "Yandex.Contest.Sprint5.J", "Yandex.Contest.Sprint5.J\Yandex.Contest.Sprint5.J.csproj", "{E6204023-7585-40DB-92E3-4E32225B00D8}"
EndProject
Project("{FAE04EC0-301F-11D3-BF4B-00C04F79EFBC}") = "Yandex.Contest.Sprint5.B", "Yandex.Contest.Sprint5.B\Yandex.Contest.Sprint5.B.csproj", "{49FC7B8F-DA14-465C-8F51-045CDD74AA8F}"
EndProject
Project("{FAE04EC0-301F-11D3-BF4B-00C04F79EFBC}") = "Yandex.Contest.Sprint5.F", "Yandex.Contest.Sprint5.F\Yandex.Contest.Sprint5.F.csproj", "{52C7EE5A-144B-46FA-A140-C5E06F3CF230}"
EndProject
Project("{FAE04EC0-301F-11D3-BF4B-00C04F79EFBC}") = "Yandex.Contest.Sprint5.M", "Yandex.Contest.Sprint5.M\Yandex.Contest.Sprint5.M.csproj", "{96CCA463-8EE3-431C-8BB8-F8D0FCCA9FE1}"
EndProject
Project("{FAE04EC0-301F-11D3-BF4B-00C04F79EFBC}") = "Yandex.Contest.Sprint5.L", "Yandex.Contest.Sprint5.L\Yandex.Contest.Sprint5.L.csproj", "{6BC059DB-106B-48A8-B686-220AEE45FA52}"
EndProject
Project("{2150E333-8FDC-42A3-9474-1A3956D46DE8}") = "Sprint5.Final", "Sprint5.Final", "{DF8D0430-431F-4F32-A2D9-CE654AA54579}"
EndProject
Project("{FAE04EC0-301F-11D3-BF4B-00C04F79EFBC}") = "Yandex.Contest.Sprint5.Final.A", "Yandex.Contest.Sprint5.Final.A\Yandex.Contest.Sprint5.Final.A.csproj", "{6AA959F8-43E1-4B57-A716-21126A848A5E}"
EndProject
Project("{FAE04EC0-301F-11D3-BF4B-00C04F79EFBC}") = "Yandex.Contest.Sprint5.Final.B", "Yandex.Contest.Sprint5.Final.B\Yandex.Contest.Sprint5.Final.B.csproj", "{1EC35A20-0513-4F7E-9888-269516F2C382}"
EndProject
Project("{2150E333-8FDC-42A3-9474-1A3956D46DE8}") = "Sprint6", "Sprint6", "{53943CC0-043C-49FF-8DE9-51519FD80443}"
EndProject
Project("{FAE04EC0-301F-11D3-BF4B-00C04F79EFBC}") = "Yandex.Contest.Sprint6.A", "Yandex.Contest.Sprint6.A\Yandex.Contest.Sprint6.A.csproj", "{7F7102A2-6B80-4189-8483-40F04A55F39D}"
EndProject
Project("{FAE04EC0-301F-11D3-BF4B-00C04F79EFBC}") = "Yandex.Contest.Sprint6.B", "Yandex.Contest.Sprint6.B\Yandex.Contest.Sprint6.B.csproj", "{01256A88-D312-42FB-B140-CDB447FF3750}"
EndProject
Project("{FAE04EC0-301F-11D3-BF4B-00C04F79EFBC}") = "Yandex.Contest.Sprint6.C", "Yandex.Contest.Sprint6.C\Yandex.Contest.Sprint6.C.csproj", "{1330268C-ABBC-43F3-AB79-09B017AA6BCB}"
EndProject
Project("{FAE04EC0-301F-11D3-BF4B-00C04F79EFBC}") = "Yandex.Contest.Sprint6.H", "Yandex.Contest.Sprint6.H\Yandex.Contest.Sprint6.H.csproj", "{A13F94BD-5AD0-4D2E-AF82-7F79754CC14D}"
EndProject
Project("{FAE04EC0-301F-11D3-BF4B-00C04F79EFBC}") = "Yandex.Contest.Sprint6.J", "Yandex.Contest.Sprint6.J\Yandex.Contest.Sprint6.J.csproj", "{E9B90049-EF18-4BBE-ABCF-7AE5757DD27F}"
EndProject
Project("{FAE04EC0-301F-11D3-BF4B-00C04F79EFBC}") = "Yandex.Contest.Sprint6.E", "Yandex.Contest.Sprint6.E\Yandex.Contest.Sprint6.E.csproj", "{478938B4-CD2C-492F-A74A-DD183F6A58A5}"
EndProject
Project("{FAE04EC0-301F-11D3-BF4B-00C04F79EFBC}") = "Yandex.Contest.Sprint6.D", "Yandex.Contest.Sprint6.D\Yandex.Contest.Sprint6.D.csproj", "{33A68340-CD45-49AC-9466-B104132E6F78}"
EndProject
Project("{FAE04EC0-301F-11D3-BF4B-00C04F79EFBC}") = "Yandex.Contest.Sprint6.G", "Yandex.Contest.Sprint6.G\Yandex.Contest.Sprint6.G.csproj", "{C29DDDBA-B2B9-4C08-9378-F4704F297491}"
EndProject
Project("{FAE04EC0-301F-11D3-BF4B-00C04F79EFBC}") = "Yandex.Contest.Sprint6.K", "Yandex.Contest.Sprint6.K\Yandex.Contest.Sprint6.K.csproj", "{0539C489-03EE-430A-A3D8-D37DE22E911A}"
EndProject
Project("{2150E333-8FDC-42A3-9474-1A3956D46DE8}") = "Sprint6.Final", "Sprint6.Final", "{477AD16A-3931-4057-842E-618E430BB571}"
EndProject
Project("{FAE04EC0-301F-11D3-BF4B-00C04F79EFBC}") = "Yandex.Contest.Sprint6.Final.A", "Yandex.Contest.Sprint6.Final.A\Yandex.Contest.Sprint6.Final.A.csproj", "{D3E2C532-76D4-4431-80F9-07BD75AE740C}"
EndProject
Project("{FAE04EC0-301F-11D3-BF4B-00C04F79EFBC}") = "Yandex.Contest.Sprint6.Final.B", "Yandex.Contest.Sprint6.Final.B\Yandex.Contest.Sprint6.Final.B.csproj", "{D6B24475-FFC3-4A6D-AF02-FF3CAE007FF5}"
EndProject
Project("{2150E333-8FDC-42A3-9474-1A3956D46DE8}") = "Sprint7.Final", "Sprint7.Final", "{4B2ABE57-7EBD-41E7-82EE-4BF86CC3A447}"
EndProject
Project("{FAE04EC0-301F-11D3-BF4B-00C04F79EFBC}") = "Yandex.Contest.Sprint7.Final.A", "Yandex.Contest.Sprint7.Final.A\Yandex.Contest.Sprint7.Final.A.csproj", "{31A8F223-7E8A-4638-8088-46A73D754845}"
EndProject
Project("{FAE04EC0-301F-11D3-BF4B-00C04F79EFBC}") = "Yandex.Contest.Sprint7.Final.B", "Yandex.Contest.Sprint7.Final.B\Yandex.Contest.Sprint7.Final.B.csproj", "{557C49FF-93E1-4B01-91E7-9518057692F9}"
EndProject
Global
	GlobalSection(SolutionConfigurationPlatforms) = preSolution
		Debug|Any CPU = Debug|Any CPU
		Release|Any CPU = Release|Any CPU
	EndGlobalSection
	GlobalSection(ProjectConfigurationPlatforms) = postSolution
		{7B3F7796-CBC0-42E9-836B-A400E00D7E43}.Debug|Any CPU.ActiveCfg = Debug|Any CPU
		{7B3F7796-CBC0-42E9-836B-A400E00D7E43}.Debug|Any CPU.Build.0 = Debug|Any CPU
		{7B3F7796-CBC0-42E9-836B-A400E00D7E43}.Release|Any CPU.ActiveCfg = Release|Any CPU
		{7B3F7796-CBC0-42E9-836B-A400E00D7E43}.Release|Any CPU.Build.0 = Release|Any CPU
		{66985A6D-2395-428D-ACB3-44095E5606A0}.Debug|Any CPU.ActiveCfg = Debug|Any CPU
		{66985A6D-2395-428D-ACB3-44095E5606A0}.Debug|Any CPU.Build.0 = Debug|Any CPU
		{66985A6D-2395-428D-ACB3-44095E5606A0}.Release|Any CPU.ActiveCfg = Release|Any CPU
		{66985A6D-2395-428D-ACB3-44095E5606A0}.Release|Any CPU.Build.0 = Release|Any CPU
		{9408CBE1-C2C6-4E48-8F97-BB3B73F5E33A}.Debug|Any CPU.ActiveCfg = Debug|Any CPU
		{9408CBE1-C2C6-4E48-8F97-BB3B73F5E33A}.Debug|Any CPU.Build.0 = Debug|Any CPU
		{9408CBE1-C2C6-4E48-8F97-BB3B73F5E33A}.Release|Any CPU.ActiveCfg = Release|Any CPU
		{9408CBE1-C2C6-4E48-8F97-BB3B73F5E33A}.Release|Any CPU.Build.0 = Release|Any CPU
		{278C1780-6E3B-4DD5-8B6B-CE225A4AEDE9}.Debug|Any CPU.ActiveCfg = Debug|Any CPU
		{278C1780-6E3B-4DD5-8B6B-CE225A4AEDE9}.Debug|Any CPU.Build.0 = Debug|Any CPU
		{278C1780-6E3B-4DD5-8B6B-CE225A4AEDE9}.Release|Any CPU.ActiveCfg = Release|Any CPU
		{278C1780-6E3B-4DD5-8B6B-CE225A4AEDE9}.Release|Any CPU.Build.0 = Release|Any CPU
		{06A5C748-625F-4323-A8E1-FC2F106AF766}.Debug|Any CPU.ActiveCfg = Debug|Any CPU
		{06A5C748-625F-4323-A8E1-FC2F106AF766}.Debug|Any CPU.Build.0 = Debug|Any CPU
		{06A5C748-625F-4323-A8E1-FC2F106AF766}.Release|Any CPU.ActiveCfg = Release|Any CPU
		{06A5C748-625F-4323-A8E1-FC2F106AF766}.Release|Any CPU.Build.0 = Release|Any CPU
		{EAF5FAFF-F7FC-4325-9649-C2F8A8DD2EE2}.Debug|Any CPU.ActiveCfg = Debug|Any CPU
		{EAF5FAFF-F7FC-4325-9649-C2F8A8DD2EE2}.Debug|Any CPU.Build.0 = Debug|Any CPU
		{EAF5FAFF-F7FC-4325-9649-C2F8A8DD2EE2}.Release|Any CPU.ActiveCfg = Release|Any CPU
		{EAF5FAFF-F7FC-4325-9649-C2F8A8DD2EE2}.Release|Any CPU.Build.0 = Release|Any CPU
		{1EC16FE3-7FBA-4F44-BDF4-89104A07FA28}.Debug|Any CPU.ActiveCfg = Debug|Any CPU
		{1EC16FE3-7FBA-4F44-BDF4-89104A07FA28}.Debug|Any CPU.Build.0 = Debug|Any CPU
		{1EC16FE3-7FBA-4F44-BDF4-89104A07FA28}.Release|Any CPU.ActiveCfg = Release|Any CPU
		{1EC16FE3-7FBA-4F44-BDF4-89104A07FA28}.Release|Any CPU.Build.0 = Release|Any CPU
		{2C40A7F8-B0C1-4AFB-95F2-C7FB1DCFF69B}.Debug|Any CPU.ActiveCfg = Debug|Any CPU
		{2C40A7F8-B0C1-4AFB-95F2-C7FB1DCFF69B}.Debug|Any CPU.Build.0 = Debug|Any CPU
		{2C40A7F8-B0C1-4AFB-95F2-C7FB1DCFF69B}.Release|Any CPU.ActiveCfg = Release|Any CPU
		{2C40A7F8-B0C1-4AFB-95F2-C7FB1DCFF69B}.Release|Any CPU.Build.0 = Release|Any CPU
		{FADD3DAA-6B92-4D75-9E65-C1F3F2A5B371}.Debug|Any CPU.ActiveCfg = Debug|Any CPU
		{FADD3DAA-6B92-4D75-9E65-C1F3F2A5B371}.Debug|Any CPU.Build.0 = Debug|Any CPU
		{FADD3DAA-6B92-4D75-9E65-C1F3F2A5B371}.Release|Any CPU.ActiveCfg = Release|Any CPU
		{FADD3DAA-6B92-4D75-9E65-C1F3F2A5B371}.Release|Any CPU.Build.0 = Release|Any CPU
		{043627E1-461F-4646-BCD1-EDACA342751B}.Debug|Any CPU.ActiveCfg = Debug|Any CPU
		{043627E1-461F-4646-BCD1-EDACA342751B}.Debug|Any CPU.Build.0 = Debug|Any CPU
		{043627E1-461F-4646-BCD1-EDACA342751B}.Release|Any CPU.ActiveCfg = Release|Any CPU
		{043627E1-461F-4646-BCD1-EDACA342751B}.Release|Any CPU.Build.0 = Release|Any CPU
		{483B6BCD-F727-432A-ADDF-A6BABBEE4C42}.Debug|Any CPU.ActiveCfg = Debug|Any CPU
		{483B6BCD-F727-432A-ADDF-A6BABBEE4C42}.Debug|Any CPU.Build.0 = Debug|Any CPU
		{483B6BCD-F727-432A-ADDF-A6BABBEE4C42}.Release|Any CPU.ActiveCfg = Release|Any CPU
		{483B6BCD-F727-432A-ADDF-A6BABBEE4C42}.Release|Any CPU.Build.0 = Release|Any CPU
		{577DF98C-F93A-499C-816B-0A371E57F090}.Debug|Any CPU.ActiveCfg = Debug|Any CPU
		{577DF98C-F93A-499C-816B-0A371E57F090}.Debug|Any CPU.Build.0 = Debug|Any CPU
		{577DF98C-F93A-499C-816B-0A371E57F090}.Release|Any CPU.ActiveCfg = Release|Any CPU
		{577DF98C-F93A-499C-816B-0A371E57F090}.Release|Any CPU.Build.0 = Release|Any CPU
		{6B58B21D-377D-4E89-ACF7-6646CBB2D559}.Debug|Any CPU.ActiveCfg = Debug|Any CPU
		{6B58B21D-377D-4E89-ACF7-6646CBB2D559}.Debug|Any CPU.Build.0 = Debug|Any CPU
		{6B58B21D-377D-4E89-ACF7-6646CBB2D559}.Release|Any CPU.ActiveCfg = Release|Any CPU
		{6B58B21D-377D-4E89-ACF7-6646CBB2D559}.Release|Any CPU.Build.0 = Release|Any CPU
		{AF4D8F12-6FB3-41E3-A11D-98C47EA557ED}.Debug|Any CPU.ActiveCfg = Debug|Any CPU
		{AF4D8F12-6FB3-41E3-A11D-98C47EA557ED}.Debug|Any CPU.Build.0 = Debug|Any CPU
		{AF4D8F12-6FB3-41E3-A11D-98C47EA557ED}.Release|Any CPU.ActiveCfg = Release|Any CPU
		{AF4D8F12-6FB3-41E3-A11D-98C47EA557ED}.Release|Any CPU.Build.0 = Release|Any CPU
		{3EC58EA8-4FF0-424C-890D-F05EBC5AE099}.Debug|Any CPU.ActiveCfg = Debug|Any CPU
		{3EC58EA8-4FF0-424C-890D-F05EBC5AE099}.Debug|Any CPU.Build.0 = Debug|Any CPU
		{3EC58EA8-4FF0-424C-890D-F05EBC5AE099}.Release|Any CPU.ActiveCfg = Release|Any CPU
		{3EC58EA8-4FF0-424C-890D-F05EBC5AE099}.Release|Any CPU.Build.0 = Release|Any CPU
		{D662A6AB-5093-4B71-859F-E720EBDD62BA}.Debug|Any CPU.ActiveCfg = Debug|Any CPU
		{D662A6AB-5093-4B71-859F-E720EBDD62BA}.Debug|Any CPU.Build.0 = Debug|Any CPU
		{D662A6AB-5093-4B71-859F-E720EBDD62BA}.Release|Any CPU.ActiveCfg = Release|Any CPU
		{D662A6AB-5093-4B71-859F-E720EBDD62BA}.Release|Any CPU.Build.0 = Release|Any CPU
		{E64DD2F6-396A-4204-B141-50F3AA3D9E3C}.Debug|Any CPU.ActiveCfg = Debug|Any CPU
		{E64DD2F6-396A-4204-B141-50F3AA3D9E3C}.Debug|Any CPU.Build.0 = Debug|Any CPU
		{E64DD2F6-396A-4204-B141-50F3AA3D9E3C}.Release|Any CPU.ActiveCfg = Release|Any CPU
		{E64DD2F6-396A-4204-B141-50F3AA3D9E3C}.Release|Any CPU.Build.0 = Release|Any CPU
		{84F89172-5268-4D49-839C-B64BFC52836F}.Debug|Any CPU.ActiveCfg = Debug|Any CPU
		{84F89172-5268-4D49-839C-B64BFC52836F}.Debug|Any CPU.Build.0 = Debug|Any CPU
		{84F89172-5268-4D49-839C-B64BFC52836F}.Release|Any CPU.ActiveCfg = Release|Any CPU
		{84F89172-5268-4D49-839C-B64BFC52836F}.Release|Any CPU.Build.0 = Release|Any CPU
		{1828CD12-FED9-4C94-99E9-7F788AA38669}.Debug|Any CPU.ActiveCfg = Debug|Any CPU
		{1828CD12-FED9-4C94-99E9-7F788AA38669}.Debug|Any CPU.Build.0 = Debug|Any CPU
		{1828CD12-FED9-4C94-99E9-7F788AA38669}.Release|Any CPU.ActiveCfg = Release|Any CPU
		{1828CD12-FED9-4C94-99E9-7F788AA38669}.Release|Any CPU.Build.0 = Release|Any CPU
		{5C5A5340-57BC-44BD-83C6-F9368B46F9B7}.Debug|Any CPU.ActiveCfg = Debug|Any CPU
		{5C5A5340-57BC-44BD-83C6-F9368B46F9B7}.Debug|Any CPU.Build.0 = Debug|Any CPU
		{5C5A5340-57BC-44BD-83C6-F9368B46F9B7}.Release|Any CPU.ActiveCfg = Release|Any CPU
		{5C5A5340-57BC-44BD-83C6-F9368B46F9B7}.Release|Any CPU.Build.0 = Release|Any CPU
		{B0CFBA9A-E73B-4205-B80C-A81255047226}.Debug|Any CPU.ActiveCfg = Debug|Any CPU
		{B0CFBA9A-E73B-4205-B80C-A81255047226}.Debug|Any CPU.Build.0 = Debug|Any CPU
		{B0CFBA9A-E73B-4205-B80C-A81255047226}.Release|Any CPU.ActiveCfg = Release|Any CPU
		{B0CFBA9A-E73B-4205-B80C-A81255047226}.Release|Any CPU.Build.0 = Release|Any CPU
		{FDC646F9-BF9F-4792-AACA-51931046E848}.Debug|Any CPU.ActiveCfg = Debug|Any CPU
		{FDC646F9-BF9F-4792-AACA-51931046E848}.Debug|Any CPU.Build.0 = Debug|Any CPU
		{FDC646F9-BF9F-4792-AACA-51931046E848}.Release|Any CPU.ActiveCfg = Release|Any CPU
		{FDC646F9-BF9F-4792-AACA-51931046E848}.Release|Any CPU.Build.0 = Release|Any CPU
		{51EC8204-FFAA-4EF8-BD99-59BF220BA910}.Debug|Any CPU.ActiveCfg = Debug|Any CPU
		{51EC8204-FFAA-4EF8-BD99-59BF220BA910}.Debug|Any CPU.Build.0 = Debug|Any CPU
		{51EC8204-FFAA-4EF8-BD99-59BF220BA910}.Release|Any CPU.ActiveCfg = Release|Any CPU
		{51EC8204-FFAA-4EF8-BD99-59BF220BA910}.Release|Any CPU.Build.0 = Release|Any CPU
		{370A0A3B-9E46-41FB-B594-6F7F41A79239}.Debug|Any CPU.ActiveCfg = Debug|Any CPU
		{370A0A3B-9E46-41FB-B594-6F7F41A79239}.Debug|Any CPU.Build.0 = Debug|Any CPU
		{370A0A3B-9E46-41FB-B594-6F7F41A79239}.Release|Any CPU.ActiveCfg = Release|Any CPU
		{370A0A3B-9E46-41FB-B594-6F7F41A79239}.Release|Any CPU.Build.0 = Release|Any CPU
		{3868E0F1-1D86-4479-AB86-53F86CC08B90}.Debug|Any CPU.ActiveCfg = Debug|Any CPU
		{3868E0F1-1D86-4479-AB86-53F86CC08B90}.Debug|Any CPU.Build.0 = Debug|Any CPU
		{3868E0F1-1D86-4479-AB86-53F86CC08B90}.Release|Any CPU.ActiveCfg = Release|Any CPU
		{3868E0F1-1D86-4479-AB86-53F86CC08B90}.Release|Any CPU.Build.0 = Release|Any CPU
		{E6C3E872-2A59-4833-9B9E-239373C93236}.Debug|Any CPU.ActiveCfg = Debug|Any CPU
		{E6C3E872-2A59-4833-9B9E-239373C93236}.Debug|Any CPU.Build.0 = Debug|Any CPU
		{E6C3E872-2A59-4833-9B9E-239373C93236}.Release|Any CPU.ActiveCfg = Release|Any CPU
		{E6C3E872-2A59-4833-9B9E-239373C93236}.Release|Any CPU.Build.0 = Release|Any CPU
		{64C800AB-9B79-4A35-B660-CDE1CD8CC669}.Debug|Any CPU.ActiveCfg = Debug|Any CPU
		{64C800AB-9B79-4A35-B660-CDE1CD8CC669}.Debug|Any CPU.Build.0 = Debug|Any CPU
		{64C800AB-9B79-4A35-B660-CDE1CD8CC669}.Release|Any CPU.ActiveCfg = Release|Any CPU
		{64C800AB-9B79-4A35-B660-CDE1CD8CC669}.Release|Any CPU.Build.0 = Release|Any CPU
		{8DD06039-9B1D-45D6-B840-B1520BAE3E37}.Debug|Any CPU.ActiveCfg = Debug|Any CPU
		{8DD06039-9B1D-45D6-B840-B1520BAE3E37}.Debug|Any CPU.Build.0 = Debug|Any CPU
		{8DD06039-9B1D-45D6-B840-B1520BAE3E37}.Release|Any CPU.ActiveCfg = Release|Any CPU
		{8DD06039-9B1D-45D6-B840-B1520BAE3E37}.Release|Any CPU.Build.0 = Release|Any CPU
		{BD0031CC-B4A0-4A65-B77A-B5622AD663C7}.Debug|Any CPU.ActiveCfg = Debug|Any CPU
		{BD0031CC-B4A0-4A65-B77A-B5622AD663C7}.Debug|Any CPU.Build.0 = Debug|Any CPU
		{BD0031CC-B4A0-4A65-B77A-B5622AD663C7}.Release|Any CPU.ActiveCfg = Release|Any CPU
		{BD0031CC-B4A0-4A65-B77A-B5622AD663C7}.Release|Any CPU.Build.0 = Release|Any CPU
		{F5997029-2FDC-45C6-A2AE-C93E623C0FD7}.Debug|Any CPU.ActiveCfg = Debug|Any CPU
		{F5997029-2FDC-45C6-A2AE-C93E623C0FD7}.Debug|Any CPU.Build.0 = Debug|Any CPU
		{F5997029-2FDC-45C6-A2AE-C93E623C0FD7}.Release|Any CPU.ActiveCfg = Release|Any CPU
		{F5997029-2FDC-45C6-A2AE-C93E623C0FD7}.Release|Any CPU.Build.0 = Release|Any CPU
		{A5172E65-EEC0-4E64-8F88-16D4449E836E}.Debug|Any CPU.ActiveCfg = Debug|Any CPU
		{A5172E65-EEC0-4E64-8F88-16D4449E836E}.Debug|Any CPU.Build.0 = Debug|Any CPU
		{A5172E65-EEC0-4E64-8F88-16D4449E836E}.Release|Any CPU.ActiveCfg = Release|Any CPU
		{A5172E65-EEC0-4E64-8F88-16D4449E836E}.Release|Any CPU.Build.0 = Release|Any CPU
		{FBF4E230-436D-4D58-B43C-3071C49EADAA}.Debug|Any CPU.ActiveCfg = Debug|Any CPU
		{FBF4E230-436D-4D58-B43C-3071C49EADAA}.Debug|Any CPU.Build.0 = Debug|Any CPU
		{FBF4E230-436D-4D58-B43C-3071C49EADAA}.Release|Any CPU.ActiveCfg = Release|Any CPU
		{FBF4E230-436D-4D58-B43C-3071C49EADAA}.Release|Any CPU.Build.0 = Release|Any CPU
		{C6C1A821-2442-4823-A9B1-52E95532DCA9}.Debug|Any CPU.ActiveCfg = Debug|Any CPU
		{C6C1A821-2442-4823-A9B1-52E95532DCA9}.Debug|Any CPU.Build.0 = Debug|Any CPU
		{C6C1A821-2442-4823-A9B1-52E95532DCA9}.Release|Any CPU.ActiveCfg = Release|Any CPU
		{C6C1A821-2442-4823-A9B1-52E95532DCA9}.Release|Any CPU.Build.0 = Release|Any CPU
		{3325E945-ED96-4F8A-908E-DD2E6A3014BC}.Debug|Any CPU.ActiveCfg = Debug|Any CPU
		{3325E945-ED96-4F8A-908E-DD2E6A3014BC}.Debug|Any CPU.Build.0 = Debug|Any CPU
		{3325E945-ED96-4F8A-908E-DD2E6A3014BC}.Release|Any CPU.ActiveCfg = Release|Any CPU
		{3325E945-ED96-4F8A-908E-DD2E6A3014BC}.Release|Any CPU.Build.0 = Release|Any CPU
		{CA607B17-DD57-4FF7-A3D3-04E19BA77DBB}.Debug|Any CPU.ActiveCfg = Debug|Any CPU
		{CA607B17-DD57-4FF7-A3D3-04E19BA77DBB}.Debug|Any CPU.Build.0 = Debug|Any CPU
		{CA607B17-DD57-4FF7-A3D3-04E19BA77DBB}.Release|Any CPU.ActiveCfg = Release|Any CPU
		{CA607B17-DD57-4FF7-A3D3-04E19BA77DBB}.Release|Any CPU.Build.0 = Release|Any CPU
		{1418C0DF-0694-4C6D-9394-A1F3DBAA3677}.Debug|Any CPU.ActiveCfg = Debug|Any CPU
		{1418C0DF-0694-4C6D-9394-A1F3DBAA3677}.Debug|Any CPU.Build.0 = Debug|Any CPU
		{1418C0DF-0694-4C6D-9394-A1F3DBAA3677}.Release|Any CPU.ActiveCfg = Release|Any CPU
		{1418C0DF-0694-4C6D-9394-A1F3DBAA3677}.Release|Any CPU.Build.0 = Release|Any CPU
		{FDE7EF32-64BC-4279-8B61-F17283718EA6}.Debug|Any CPU.ActiveCfg = Debug|Any CPU
		{FDE7EF32-64BC-4279-8B61-F17283718EA6}.Debug|Any CPU.Build.0 = Debug|Any CPU
		{FDE7EF32-64BC-4279-8B61-F17283718EA6}.Release|Any CPU.ActiveCfg = Release|Any CPU
		{FDE7EF32-64BC-4279-8B61-F17283718EA6}.Release|Any CPU.Build.0 = Release|Any CPU
		{186DB8C9-5E0A-4D1B-974A-41C71C9FB693}.Debug|Any CPU.ActiveCfg = Debug|Any CPU
		{186DB8C9-5E0A-4D1B-974A-41C71C9FB693}.Debug|Any CPU.Build.0 = Debug|Any CPU
		{186DB8C9-5E0A-4D1B-974A-41C71C9FB693}.Release|Any CPU.ActiveCfg = Release|Any CPU
		{186DB8C9-5E0A-4D1B-974A-41C71C9FB693}.Release|Any CPU.Build.0 = Release|Any CPU
		{B1A18BF2-C441-438F-99BB-41207E49D945}.Debug|Any CPU.ActiveCfg = Debug|Any CPU
		{B1A18BF2-C441-438F-99BB-41207E49D945}.Debug|Any CPU.Build.0 = Debug|Any CPU
		{B1A18BF2-C441-438F-99BB-41207E49D945}.Release|Any CPU.ActiveCfg = Release|Any CPU
		{B1A18BF2-C441-438F-99BB-41207E49D945}.Release|Any CPU.Build.0 = Release|Any CPU
		{4A829F64-CC08-479F-9A2B-BAC3F7E8B0E4}.Debug|Any CPU.ActiveCfg = Debug|Any CPU
		{4A829F64-CC08-479F-9A2B-BAC3F7E8B0E4}.Debug|Any CPU.Build.0 = Debug|Any CPU
		{4A829F64-CC08-479F-9A2B-BAC3F7E8B0E4}.Release|Any CPU.ActiveCfg = Release|Any CPU
		{4A829F64-CC08-479F-9A2B-BAC3F7E8B0E4}.Release|Any CPU.Build.0 = Release|Any CPU
		{352E3EB8-3551-476A-8001-6F1F8C14107D}.Debug|Any CPU.ActiveCfg = Debug|Any CPU
		{352E3EB8-3551-476A-8001-6F1F8C14107D}.Debug|Any CPU.Build.0 = Debug|Any CPU
		{352E3EB8-3551-476A-8001-6F1F8C14107D}.Release|Any CPU.ActiveCfg = Release|Any CPU
		{352E3EB8-3551-476A-8001-6F1F8C14107D}.Release|Any CPU.Build.0 = Release|Any CPU
		{EAAB8C54-D6C9-4485-8DD9-E1981ADB552F}.Debug|Any CPU.ActiveCfg = Debug|Any CPU
		{EAAB8C54-D6C9-4485-8DD9-E1981ADB552F}.Debug|Any CPU.Build.0 = Debug|Any CPU
		{EAAB8C54-D6C9-4485-8DD9-E1981ADB552F}.Release|Any CPU.ActiveCfg = Release|Any CPU
		{EAAB8C54-D6C9-4485-8DD9-E1981ADB552F}.Release|Any CPU.Build.0 = Release|Any CPU
		{4759A981-E6A8-49B9-ACC5-E3ACAF5583EF}.Debug|Any CPU.ActiveCfg = Debug|Any CPU
		{4759A981-E6A8-49B9-ACC5-E3ACAF5583EF}.Debug|Any CPU.Build.0 = Debug|Any CPU
		{4759A981-E6A8-49B9-ACC5-E3ACAF5583EF}.Release|Any CPU.ActiveCfg = Release|Any CPU
		{4759A981-E6A8-49B9-ACC5-E3ACAF5583EF}.Release|Any CPU.Build.0 = Release|Any CPU
		{67AF5A3B-8778-4E35-8192-8066030F3CC8}.Debug|Any CPU.ActiveCfg = Debug|Any CPU
		{67AF5A3B-8778-4E35-8192-8066030F3CC8}.Debug|Any CPU.Build.0 = Debug|Any CPU
		{67AF5A3B-8778-4E35-8192-8066030F3CC8}.Release|Any CPU.ActiveCfg = Release|Any CPU
		{67AF5A3B-8778-4E35-8192-8066030F3CC8}.Release|Any CPU.Build.0 = Release|Any CPU
		{63674CD0-871E-4587-8CE2-321C560D269E}.Debug|Any CPU.ActiveCfg = Debug|Any CPU
		{63674CD0-871E-4587-8CE2-321C560D269E}.Debug|Any CPU.Build.0 = Debug|Any CPU
		{63674CD0-871E-4587-8CE2-321C560D269E}.Release|Any CPU.ActiveCfg = Release|Any CPU
		{63674CD0-871E-4587-8CE2-321C560D269E}.Release|Any CPU.Build.0 = Release|Any CPU
		{A7BE3D47-211A-4BE0-9D2F-3258FDA99B60}.Debug|Any CPU.ActiveCfg = Debug|Any CPU
		{A7BE3D47-211A-4BE0-9D2F-3258FDA99B60}.Debug|Any CPU.Build.0 = Debug|Any CPU
		{A7BE3D47-211A-4BE0-9D2F-3258FDA99B60}.Release|Any CPU.ActiveCfg = Release|Any CPU
		{A7BE3D47-211A-4BE0-9D2F-3258FDA99B60}.Release|Any CPU.Build.0 = Release|Any CPU
		{1796963D-B3B9-4AA8-8A58-F24D25516C33}.Debug|Any CPU.ActiveCfg = Debug|Any CPU
		{1796963D-B3B9-4AA8-8A58-F24D25516C33}.Debug|Any CPU.Build.0 = Debug|Any CPU
		{1796963D-B3B9-4AA8-8A58-F24D25516C33}.Release|Any CPU.ActiveCfg = Release|Any CPU
		{1796963D-B3B9-4AA8-8A58-F24D25516C33}.Release|Any CPU.Build.0 = Release|Any CPU
		{3F7630E9-DAF0-4CCF-91B3-425326EA030A}.Debug|Any CPU.ActiveCfg = Debug|Any CPU
		{3F7630E9-DAF0-4CCF-91B3-425326EA030A}.Debug|Any CPU.Build.0 = Debug|Any CPU
		{3F7630E9-DAF0-4CCF-91B3-425326EA030A}.Release|Any CPU.ActiveCfg = Release|Any CPU
		{3F7630E9-DAF0-4CCF-91B3-425326EA030A}.Release|Any CPU.Build.0 = Release|Any CPU
		{96214870-E46B-460F-85B9-00E6C7E0AAFA}.Debug|Any CPU.ActiveCfg = Debug|Any CPU
		{96214870-E46B-460F-85B9-00E6C7E0AAFA}.Debug|Any CPU.Build.0 = Debug|Any CPU
		{96214870-E46B-460F-85B9-00E6C7E0AAFA}.Release|Any CPU.ActiveCfg = Release|Any CPU
		{96214870-E46B-460F-85B9-00E6C7E0AAFA}.Release|Any CPU.Build.0 = Release|Any CPU
		{1F15C960-98A0-45C4-B570-3EF8D05C8DEC}.Debug|Any CPU.ActiveCfg = Debug|Any CPU
		{1F15C960-98A0-45C4-B570-3EF8D05C8DEC}.Debug|Any CPU.Build.0 = Debug|Any CPU
		{1F15C960-98A0-45C4-B570-3EF8D05C8DEC}.Release|Any CPU.ActiveCfg = Release|Any CPU
		{1F15C960-98A0-45C4-B570-3EF8D05C8DEC}.Release|Any CPU.Build.0 = Release|Any CPU
		{AAD0AAD7-4749-4CDD-A8CC-5EAF9A61BB01}.Debug|Any CPU.ActiveCfg = Debug|Any CPU
		{AAD0AAD7-4749-4CDD-A8CC-5EAF9A61BB01}.Debug|Any CPU.Build.0 = Debug|Any CPU
		{AAD0AAD7-4749-4CDD-A8CC-5EAF9A61BB01}.Release|Any CPU.ActiveCfg = Release|Any CPU
		{AAD0AAD7-4749-4CDD-A8CC-5EAF9A61BB01}.Release|Any CPU.Build.0 = Release|Any CPU
		{6C136C60-06CC-4493-9627-BE4069101C5B}.Debug|Any CPU.ActiveCfg = Debug|Any CPU
		{6C136C60-06CC-4493-9627-BE4069101C5B}.Debug|Any CPU.Build.0 = Debug|Any CPU
		{6C136C60-06CC-4493-9627-BE4069101C5B}.Release|Any CPU.ActiveCfg = Release|Any CPU
		{6C136C60-06CC-4493-9627-BE4069101C5B}.Release|Any CPU.Build.0 = Release|Any CPU
		{CBA5995F-E583-4965-807B-758C9B1B1971}.Debug|Any CPU.ActiveCfg = Debug|Any CPU
		{CBA5995F-E583-4965-807B-758C9B1B1971}.Debug|Any CPU.Build.0 = Debug|Any CPU
		{CBA5995F-E583-4965-807B-758C9B1B1971}.Release|Any CPU.ActiveCfg = Release|Any CPU
		{CBA5995F-E583-4965-807B-758C9B1B1971}.Release|Any CPU.Build.0 = Release|Any CPU
		{5D1E6CCC-7B37-487B-B871-493D5123D5D0}.Debug|Any CPU.ActiveCfg = Debug|Any CPU
		{5D1E6CCC-7B37-487B-B871-493D5123D5D0}.Debug|Any CPU.Build.0 = Debug|Any CPU
		{5D1E6CCC-7B37-487B-B871-493D5123D5D0}.Release|Any CPU.ActiveCfg = Release|Any CPU
		{5D1E6CCC-7B37-487B-B871-493D5123D5D0}.Release|Any CPU.Build.0 = Release|Any CPU
		{A924F047-7C08-4854-8BB9-C91BACF88B9E}.Debug|Any CPU.ActiveCfg = Debug|Any CPU
		{A924F047-7C08-4854-8BB9-C91BACF88B9E}.Debug|Any CPU.Build.0 = Debug|Any CPU
		{A924F047-7C08-4854-8BB9-C91BACF88B9E}.Release|Any CPU.ActiveCfg = Release|Any CPU
		{A924F047-7C08-4854-8BB9-C91BACF88B9E}.Release|Any CPU.Build.0 = Release|Any CPU
		{3923E6D8-CBAA-41D2-9920-5A4D21A5BAEF}.Debug|Any CPU.ActiveCfg = Debug|Any CPU
		{3923E6D8-CBAA-41D2-9920-5A4D21A5BAEF}.Debug|Any CPU.Build.0 = Debug|Any CPU
		{3923E6D8-CBAA-41D2-9920-5A4D21A5BAEF}.Release|Any CPU.ActiveCfg = Release|Any CPU
		{3923E6D8-CBAA-41D2-9920-5A4D21A5BAEF}.Release|Any CPU.Build.0 = Release|Any CPU
		{448362DD-7AB6-4F96-91AF-7D1EBD1EFEEF}.Debug|Any CPU.ActiveCfg = Debug|Any CPU
		{448362DD-7AB6-4F96-91AF-7D1EBD1EFEEF}.Debug|Any CPU.Build.0 = Debug|Any CPU
		{448362DD-7AB6-4F96-91AF-7D1EBD1EFEEF}.Release|Any CPU.ActiveCfg = Release|Any CPU
		{448362DD-7AB6-4F96-91AF-7D1EBD1EFEEF}.Release|Any CPU.Build.0 = Release|Any CPU
		{074A963F-7E13-49CE-B86B-CC83DF269555}.Debug|Any CPU.ActiveCfg = Debug|Any CPU
		{074A963F-7E13-49CE-B86B-CC83DF269555}.Debug|Any CPU.Build.0 = Debug|Any CPU
		{074A963F-7E13-49CE-B86B-CC83DF269555}.Release|Any CPU.ActiveCfg = Release|Any CPU
		{074A963F-7E13-49CE-B86B-CC83DF269555}.Release|Any CPU.Build.0 = Release|Any CPU
		{A36C2141-3843-4165-A155-1227078898D0}.Debug|Any CPU.ActiveCfg = Debug|Any CPU
		{A36C2141-3843-4165-A155-1227078898D0}.Debug|Any CPU.Build.0 = Debug|Any CPU
		{A36C2141-3843-4165-A155-1227078898D0}.Release|Any CPU.ActiveCfg = Release|Any CPU
		{A36C2141-3843-4165-A155-1227078898D0}.Release|Any CPU.Build.0 = Release|Any CPU
		{E6204023-7585-40DB-92E3-4E32225B00D8}.Debug|Any CPU.ActiveCfg = Debug|Any CPU
		{E6204023-7585-40DB-92E3-4E32225B00D8}.Debug|Any CPU.Build.0 = Debug|Any CPU
		{E6204023-7585-40DB-92E3-4E32225B00D8}.Release|Any CPU.ActiveCfg = Release|Any CPU
		{E6204023-7585-40DB-92E3-4E32225B00D8}.Release|Any CPU.Build.0 = Release|Any CPU
		{49FC7B8F-DA14-465C-8F51-045CDD74AA8F}.Debug|Any CPU.ActiveCfg = Debug|Any CPU
		{49FC7B8F-DA14-465C-8F51-045CDD74AA8F}.Debug|Any CPU.Build.0 = Debug|Any CPU
		{49FC7B8F-DA14-465C-8F51-045CDD74AA8F}.Release|Any CPU.ActiveCfg = Release|Any CPU
		{49FC7B8F-DA14-465C-8F51-045CDD74AA8F}.Release|Any CPU.Build.0 = Release|Any CPU
		{52C7EE5A-144B-46FA-A140-C5E06F3CF230}.Debug|Any CPU.ActiveCfg = Debug|Any CPU
		{52C7EE5A-144B-46FA-A140-C5E06F3CF230}.Debug|Any CPU.Build.0 = Debug|Any CPU
		{52C7EE5A-144B-46FA-A140-C5E06F3CF230}.Release|Any CPU.ActiveCfg = Release|Any CPU
		{52C7EE5A-144B-46FA-A140-C5E06F3CF230}.Release|Any CPU.Build.0 = Release|Any CPU
		{96CCA463-8EE3-431C-8BB8-F8D0FCCA9FE1}.Debug|Any CPU.ActiveCfg = Debug|Any CPU
		{96CCA463-8EE3-431C-8BB8-F8D0FCCA9FE1}.Debug|Any CPU.Build.0 = Debug|Any CPU
		{96CCA463-8EE3-431C-8BB8-F8D0FCCA9FE1}.Release|Any CPU.ActiveCfg = Release|Any CPU
		{96CCA463-8EE3-431C-8BB8-F8D0FCCA9FE1}.Release|Any CPU.Build.0 = Release|Any CPU
		{6BC059DB-106B-48A8-B686-220AEE45FA52}.Debug|Any CPU.ActiveCfg = Debug|Any CPU
		{6BC059DB-106B-48A8-B686-220AEE45FA52}.Debug|Any CPU.Build.0 = Debug|Any CPU
		{6BC059DB-106B-48A8-B686-220AEE45FA52}.Release|Any CPU.ActiveCfg = Release|Any CPU
		{6BC059DB-106B-48A8-B686-220AEE45FA52}.Release|Any CPU.Build.0 = Release|Any CPU
		{6AA959F8-43E1-4B57-A716-21126A848A5E}.Debug|Any CPU.ActiveCfg = Debug|Any CPU
		{6AA959F8-43E1-4B57-A716-21126A848A5E}.Debug|Any CPU.Build.0 = Debug|Any CPU
		{6AA959F8-43E1-4B57-A716-21126A848A5E}.Release|Any CPU.ActiveCfg = Release|Any CPU
		{6AA959F8-43E1-4B57-A716-21126A848A5E}.Release|Any CPU.Build.0 = Release|Any CPU
		{1EC35A20-0513-4F7E-9888-269516F2C382}.Debug|Any CPU.ActiveCfg = Debug|Any CPU
		{1EC35A20-0513-4F7E-9888-269516F2C382}.Debug|Any CPU.Build.0 = Debug|Any CPU
		{1EC35A20-0513-4F7E-9888-269516F2C382}.Release|Any CPU.ActiveCfg = Release|Any CPU
		{1EC35A20-0513-4F7E-9888-269516F2C382}.Release|Any CPU.Build.0 = Release|Any CPU
		{7F7102A2-6B80-4189-8483-40F04A55F39D}.Debug|Any CPU.ActiveCfg = Debug|Any CPU
		{7F7102A2-6B80-4189-8483-40F04A55F39D}.Debug|Any CPU.Build.0 = Debug|Any CPU
		{7F7102A2-6B80-4189-8483-40F04A55F39D}.Release|Any CPU.ActiveCfg = Release|Any CPU
		{7F7102A2-6B80-4189-8483-40F04A55F39D}.Release|Any CPU.Build.0 = Release|Any CPU
		{01256A88-D312-42FB-B140-CDB447FF3750}.Debug|Any CPU.ActiveCfg = Debug|Any CPU
		{01256A88-D312-42FB-B140-CDB447FF3750}.Debug|Any CPU.Build.0 = Debug|Any CPU
		{01256A88-D312-42FB-B140-CDB447FF3750}.Release|Any CPU.ActiveCfg = Release|Any CPU
		{01256A88-D312-42FB-B140-CDB447FF3750}.Release|Any CPU.Build.0 = Release|Any CPU
		{1330268C-ABBC-43F3-AB79-09B017AA6BCB}.Debug|Any CPU.ActiveCfg = Debug|Any CPU
		{1330268C-ABBC-43F3-AB79-09B017AA6BCB}.Debug|Any CPU.Build.0 = Debug|Any CPU
		{1330268C-ABBC-43F3-AB79-09B017AA6BCB}.Release|Any CPU.ActiveCfg = Release|Any CPU
		{1330268C-ABBC-43F3-AB79-09B017AA6BCB}.Release|Any CPU.Build.0 = Release|Any CPU
		{A13F94BD-5AD0-4D2E-AF82-7F79754CC14D}.Debug|Any CPU.ActiveCfg = Debug|Any CPU
		{A13F94BD-5AD0-4D2E-AF82-7F79754CC14D}.Debug|Any CPU.Build.0 = Debug|Any CPU
		{A13F94BD-5AD0-4D2E-AF82-7F79754CC14D}.Release|Any CPU.ActiveCfg = Release|Any CPU
		{A13F94BD-5AD0-4D2E-AF82-7F79754CC14D}.Release|Any CPU.Build.0 = Release|Any CPU
		{E9B90049-EF18-4BBE-ABCF-7AE5757DD27F}.Debug|Any CPU.ActiveCfg = Debug|Any CPU
		{E9B90049-EF18-4BBE-ABCF-7AE5757DD27F}.Debug|Any CPU.Build.0 = Debug|Any CPU
		{E9B90049-EF18-4BBE-ABCF-7AE5757DD27F}.Release|Any CPU.ActiveCfg = Release|Any CPU
		{E9B90049-EF18-4BBE-ABCF-7AE5757DD27F}.Release|Any CPU.Build.0 = Release|Any CPU
		{478938B4-CD2C-492F-A74A-DD183F6A58A5}.Debug|Any CPU.ActiveCfg = Debug|Any CPU
		{478938B4-CD2C-492F-A74A-DD183F6A58A5}.Debug|Any CPU.Build.0 = Debug|Any CPU
		{478938B4-CD2C-492F-A74A-DD183F6A58A5}.Release|Any CPU.ActiveCfg = Release|Any CPU
		{478938B4-CD2C-492F-A74A-DD183F6A58A5}.Release|Any CPU.Build.0 = Release|Any CPU
		{33A68340-CD45-49AC-9466-B104132E6F78}.Debug|Any CPU.ActiveCfg = Debug|Any CPU
		{33A68340-CD45-49AC-9466-B104132E6F78}.Debug|Any CPU.Build.0 = Debug|Any CPU
		{33A68340-CD45-49AC-9466-B104132E6F78}.Release|Any CPU.ActiveCfg = Release|Any CPU
		{33A68340-CD45-49AC-9466-B104132E6F78}.Release|Any CPU.Build.0 = Release|Any CPU
		{C29DDDBA-B2B9-4C08-9378-F4704F297491}.Debug|Any CPU.ActiveCfg = Debug|Any CPU
		{C29DDDBA-B2B9-4C08-9378-F4704F297491}.Debug|Any CPU.Build.0 = Debug|Any CPU
		{C29DDDBA-B2B9-4C08-9378-F4704F297491}.Release|Any CPU.ActiveCfg = Release|Any CPU
		{C29DDDBA-B2B9-4C08-9378-F4704F297491}.Release|Any CPU.Build.0 = Release|Any CPU
		{0539C489-03EE-430A-A3D8-D37DE22E911A}.Debug|Any CPU.ActiveCfg = Debug|Any CPU
		{0539C489-03EE-430A-A3D8-D37DE22E911A}.Debug|Any CPU.Build.0 = Debug|Any CPU
		{0539C489-03EE-430A-A3D8-D37DE22E911A}.Release|Any CPU.ActiveCfg = Release|Any CPU
		{0539C489-03EE-430A-A3D8-D37DE22E911A}.Release|Any CPU.Build.0 = Release|Any CPU
		{D3E2C532-76D4-4431-80F9-07BD75AE740C}.Debug|Any CPU.ActiveCfg = Debug|Any CPU
		{D3E2C532-76D4-4431-80F9-07BD75AE740C}.Debug|Any CPU.Build.0 = Debug|Any CPU
		{D3E2C532-76D4-4431-80F9-07BD75AE740C}.Release|Any CPU.ActiveCfg = Release|Any CPU
		{D3E2C532-76D4-4431-80F9-07BD75AE740C}.Release|Any CPU.Build.0 = Release|Any CPU
		{D6B24475-FFC3-4A6D-AF02-FF3CAE007FF5}.Debug|Any CPU.ActiveCfg = Debug|Any CPU
		{D6B24475-FFC3-4A6D-AF02-FF3CAE007FF5}.Debug|Any CPU.Build.0 = Debug|Any CPU
		{D6B24475-FFC3-4A6D-AF02-FF3CAE007FF5}.Release|Any CPU.ActiveCfg = Release|Any CPU
		{D6B24475-FFC3-4A6D-AF02-FF3CAE007FF5}.Release|Any CPU.Build.0 = Release|Any CPU
		{31A8F223-7E8A-4638-8088-46A73D754845}.Debug|Any CPU.ActiveCfg = Debug|Any CPU
		{31A8F223-7E8A-4638-8088-46A73D754845}.Debug|Any CPU.Build.0 = Debug|Any CPU
		{31A8F223-7E8A-4638-8088-46A73D754845}.Release|Any CPU.ActiveCfg = Release|Any CPU
		{31A8F223-7E8A-4638-8088-46A73D754845}.Release|Any CPU.Build.0 = Release|Any CPU
		{557C49FF-93E1-4B01-91E7-9518057692F9}.Debug|Any CPU.ActiveCfg = Debug|Any CPU
		{557C49FF-93E1-4B01-91E7-9518057692F9}.Debug|Any CPU.Build.0 = Debug|Any CPU
		{557C49FF-93E1-4B01-91E7-9518057692F9}.Release|Any CPU.ActiveCfg = Release|Any CPU
		{557C49FF-93E1-4B01-91E7-9518057692F9}.Release|Any CPU.Build.0 = Release|Any CPU
	EndGlobalSection
	GlobalSection(SolutionProperties) = preSolution
		HideSolutionNode = FALSE
	EndGlobalSection
	GlobalSection(NestedProjects) = preSolution
		{7B3F7796-CBC0-42E9-836B-A400E00D7E43} = {38363F24-DD77-4582-9314-5DDAD04E21B5}
		{66985A6D-2395-428D-ACB3-44095E5606A0} = {38363F24-DD77-4582-9314-5DDAD04E21B5}
		{9408CBE1-C2C6-4E48-8F97-BB3B73F5E33A} = {38363F24-DD77-4582-9314-5DDAD04E21B5}
		{278C1780-6E3B-4DD5-8B6B-CE225A4AEDE9} = {C107F43B-7602-49B4-BB1A-800AF0F407EB}
		{06A5C748-625F-4323-A8E1-FC2F106AF766} = {C107F43B-7602-49B4-BB1A-800AF0F407EB}
		{EAF5FAFF-F7FC-4325-9649-C2F8A8DD2EE2} = {C107F43B-7602-49B4-BB1A-800AF0F407EB}
		{1EC16FE3-7FBA-4F44-BDF4-89104A07FA28} = {C107F43B-7602-49B4-BB1A-800AF0F407EB}
		{2C40A7F8-B0C1-4AFB-95F2-C7FB1DCFF69B} = {C107F43B-7602-49B4-BB1A-800AF0F407EB}
		{FADD3DAA-6B92-4D75-9E65-C1F3F2A5B371} = {C107F43B-7602-49B4-BB1A-800AF0F407EB}
		{043627E1-461F-4646-BCD1-EDACA342751B} = {C107F43B-7602-49B4-BB1A-800AF0F407EB}
		{483B6BCD-F727-432A-ADDF-A6BABBEE4C42} = {C107F43B-7602-49B4-BB1A-800AF0F407EB}
		{577DF98C-F93A-499C-816B-0A371E57F090} = {C107F43B-7602-49B4-BB1A-800AF0F407EB}
		{6B58B21D-377D-4E89-ACF7-6646CBB2D559} = {C107F43B-7602-49B4-BB1A-800AF0F407EB}
		{AF4D8F12-6FB3-41E3-A11D-98C47EA557ED} = {C107F43B-7602-49B4-BB1A-800AF0F407EB}
		{3EC58EA8-4FF0-424C-890D-F05EBC5AE099} = {C107F43B-7602-49B4-BB1A-800AF0F407EB}
		{D662A6AB-5093-4B71-859F-E720EBDD62BA} = {691B635E-8930-4F4E-9637-7E8637247811}
		{E64DD2F6-396A-4204-B141-50F3AA3D9E3C} = {691B635E-8930-4F4E-9637-7E8637247811}
		{84F89172-5268-4D49-839C-B64BFC52836F} = {38363F24-DD77-4582-9314-5DDAD04E21B5}
		{1828CD12-FED9-4C94-99E9-7F788AA38669} = {38363F24-DD77-4582-9314-5DDAD04E21B5}
		{5C5A5340-57BC-44BD-83C6-F9368B46F9B7} = {3B79A243-CF5D-4B5D-A0B7-923C7A4458BE}
		{B0CFBA9A-E73B-4205-B80C-A81255047226} = {3B79A243-CF5D-4B5D-A0B7-923C7A4458BE}
		{FDC646F9-BF9F-4792-AACA-51931046E848} = {3B79A243-CF5D-4B5D-A0B7-923C7A4458BE}
		{51EC8204-FFAA-4EF8-BD99-59BF220BA910} = {3B79A243-CF5D-4B5D-A0B7-923C7A4458BE}
		{370A0A3B-9E46-41FB-B594-6F7F41A79239} = {3B79A243-CF5D-4B5D-A0B7-923C7A4458BE}
		{3868E0F1-1D86-4479-AB86-53F86CC08B90} = {3B79A243-CF5D-4B5D-A0B7-923C7A4458BE}
		{E6C3E872-2A59-4833-9B9E-239373C93236} = {3B79A243-CF5D-4B5D-A0B7-923C7A4458BE}
		{64C800AB-9B79-4A35-B660-CDE1CD8CC669} = {3B79A243-CF5D-4B5D-A0B7-923C7A4458BE}
		{8DD06039-9B1D-45D6-B840-B1520BAE3E37} = {3B79A243-CF5D-4B5D-A0B7-923C7A4458BE}
		{BD0031CC-B4A0-4A65-B77A-B5622AD663C7} = {3B79A243-CF5D-4B5D-A0B7-923C7A4458BE}
		{F5997029-2FDC-45C6-A2AE-C93E623C0FD7} = {3B79A243-CF5D-4B5D-A0B7-923C7A4458BE}
		{A5172E65-EEC0-4E64-8F88-16D4449E836E} = {FCE15FE3-B179-4340-9E44-9EADFF07F14E}
		{FBF4E230-436D-4D58-B43C-3071C49EADAA} = {FCE15FE3-B179-4340-9E44-9EADFF07F14E}
		{C6C1A821-2442-4823-A9B1-52E95532DCA9} = {70F71F90-3B35-4E9D-9120-E7A4C41A522C}
		{3325E945-ED96-4F8A-908E-DD2E6A3014BC} = {70F71F90-3B35-4E9D-9120-E7A4C41A522C}
		{CA607B17-DD57-4FF7-A3D3-04E19BA77DBB} = {70F71F90-3B35-4E9D-9120-E7A4C41A522C}
		{1418C0DF-0694-4C6D-9394-A1F3DBAA3677} = {70F71F90-3B35-4E9D-9120-E7A4C41A522C}
		{FDE7EF32-64BC-4279-8B61-F17283718EA6} = {70F71F90-3B35-4E9D-9120-E7A4C41A522C}
		{186DB8C9-5E0A-4D1B-974A-41C71C9FB693} = {70F71F90-3B35-4E9D-9120-E7A4C41A522C}
		{B1A18BF2-C441-438F-99BB-41207E49D945} = {70F71F90-3B35-4E9D-9120-E7A4C41A522C}
		{4A829F64-CC08-479F-9A2B-BAC3F7E8B0E4} = {70F71F90-3B35-4E9D-9120-E7A4C41A522C}
		{352E3EB8-3551-476A-8001-6F1F8C14107D} = {70F71F90-3B35-4E9D-9120-E7A4C41A522C}
		{EAAB8C54-D6C9-4485-8DD9-E1981ADB552F} = {70F71F90-3B35-4E9D-9120-E7A4C41A522C}
		{4759A981-E6A8-49B9-ACC5-E3ACAF5583EF} = {90C68385-9B2C-430B-AE73-48D467B58E03}
		{67AF5A3B-8778-4E35-8192-8066030F3CC8} = {90C68385-9B2C-430B-AE73-48D467B58E03}
		{63674CD0-871E-4587-8CE2-321C560D269E} = {1F50FB16-6BC4-491F-976E-0E3E2B60F6CE}
		{A7BE3D47-211A-4BE0-9D2F-3258FDA99B60} = {1F50FB16-6BC4-491F-976E-0E3E2B60F6CE}
		{1796963D-B3B9-4AA8-8A58-F24D25516C33} = {D94F8986-CE77-40B3-8EFD-6209E535113F}
		{3F7630E9-DAF0-4CCF-91B3-425326EA030A} = {D94F8986-CE77-40B3-8EFD-6209E535113F}
		{96214870-E46B-460F-85B9-00E6C7E0AAFA} = {D94F8986-CE77-40B3-8EFD-6209E535113F}
		{1F15C960-98A0-45C4-B570-3EF8D05C8DEC} = {D94F8986-CE77-40B3-8EFD-6209E535113F}
		{AAD0AAD7-4749-4CDD-A8CC-5EAF9A61BB01} = {D94F8986-CE77-40B3-8EFD-6209E535113F}
		{6C136C60-06CC-4493-9627-BE4069101C5B} = {D94F8986-CE77-40B3-8EFD-6209E535113F}
		{CBA5995F-E583-4965-807B-758C9B1B1971} = {D94F8986-CE77-40B3-8EFD-6209E535113F}
		{5D1E6CCC-7B37-487B-B871-493D5123D5D0} = {D94F8986-CE77-40B3-8EFD-6209E535113F}
		{A924F047-7C08-4854-8BB9-C91BACF88B9E} = {D94F8986-CE77-40B3-8EFD-6209E535113F}
		{3923E6D8-CBAA-41D2-9920-5A4D21A5BAEF} = {956072FA-22F4-4D6C-8FA5-D67B4A1E0EB2}
		{448362DD-7AB6-4F96-91AF-7D1EBD1EFEEF} = {956072FA-22F4-4D6C-8FA5-D67B4A1E0EB2}
		{074A963F-7E13-49CE-B86B-CC83DF269555} = {956072FA-22F4-4D6C-8FA5-D67B4A1E0EB2}
		{A36C2141-3843-4165-A155-1227078898D0} = {956072FA-22F4-4D6C-8FA5-D67B4A1E0EB2}
		{E6204023-7585-40DB-92E3-4E32225B00D8} = {956072FA-22F4-4D6C-8FA5-D67B4A1E0EB2}
		{49FC7B8F-DA14-465C-8F51-045CDD74AA8F} = {956072FA-22F4-4D6C-8FA5-D67B4A1E0EB2}
		{52C7EE5A-144B-46FA-A140-C5E06F3CF230} = {956072FA-22F4-4D6C-8FA5-D67B4A1E0EB2}
		{96CCA463-8EE3-431C-8BB8-F8D0FCCA9FE1} = {956072FA-22F4-4D6C-8FA5-D67B4A1E0EB2}
		{6BC059DB-106B-48A8-B686-220AEE45FA52} = {956072FA-22F4-4D6C-8FA5-D67B4A1E0EB2}
		{6AA959F8-43E1-4B57-A716-21126A848A5E} = {DF8D0430-431F-4F32-A2D9-CE654AA54579}
		{1EC35A20-0513-4F7E-9888-269516F2C382} = {DF8D0430-431F-4F32-A2D9-CE654AA54579}
		{7F7102A2-6B80-4189-8483-40F04A55F39D} = {53943CC0-043C-49FF-8DE9-51519FD80443}
		{01256A88-D312-42FB-B140-CDB447FF3750} = {53943CC0-043C-49FF-8DE9-51519FD80443}
		{1330268C-ABBC-43F3-AB79-09B017AA6BCB} = {53943CC0-043C-49FF-8DE9-51519FD80443}
		{A13F94BD-5AD0-4D2E-AF82-7F79754CC14D} = {53943CC0-043C-49FF-8DE9-51519FD80443}
		{E9B90049-EF18-4BBE-ABCF-7AE5757DD27F} = {53943CC0-043C-49FF-8DE9-51519FD80443}
		{478938B4-CD2C-492F-A74A-DD183F6A58A5} = {53943CC0-043C-49FF-8DE9-51519FD80443}
		{33A68340-CD45-49AC-9466-B104132E6F78} = {53943CC0-043C-49FF-8DE9-51519FD80443}
		{C29DDDBA-B2B9-4C08-9378-F4704F297491} = {53943CC0-043C-49FF-8DE9-51519FD80443}
		{0539C489-03EE-430A-A3D8-D37DE22E911A} = {53943CC0-043C-49FF-8DE9-51519FD80443}
		{D3E2C532-76D4-4431-80F9-07BD75AE740C} = {477AD16A-3931-4057-842E-618E430BB571}
		{D6B24475-FFC3-4A6D-AF02-FF3CAE007FF5} = {477AD16A-3931-4057-842E-618E430BB571}
		{31A8F223-7E8A-4638-8088-46A73D754845} = {4B2ABE57-7EBD-41E7-82EE-4BF86CC3A447}
		{557C49FF-93E1-4B01-91E7-9518057692F9} = {4B2ABE57-7EBD-41E7-82EE-4BF86CC3A447}
	EndGlobalSection
	GlobalSection(ExtensibilityGlobals) = postSolution
		SolutionGuid = {A3FFD06C-7A1F-4EF4-B74D-D7423B222D64}
	EndGlobalSection
EndGlobal
